// !$*UTF8*$!
{
	archiveVersion = 1;
	classes = {
	};
	objectVersion = 46;
	objects = {

/* Begin PBXBuildFile section */
		551B374F1CBFA9BA00D5F1AB /* HMXTopicCell.m in Sources */ = {isa = PBXBuildFile; fileRef = 551B374D1CBFA9BA00D5F1AB /* HMXTopicCell.m */; };
		551B37501CBFA9BA00D5F1AB /* HMXTopicCell.xib in Resources */ = {isa = PBXBuildFile; fileRef = 551B374E1CBFA9BA00D5F1AB /* HMXTopicCell.xib */; };
		55228C461CB4623C008CE422 /* HMXSubTagViewController.m in Sources */ = {isa = PBXBuildFile; fileRef = 55228C451CB4623C008CE422 /* HMXSubTagViewController.m */; };
		55228C491CB469B9008CE422 /* HMXSubTagItem.m in Sources */ = {isa = PBXBuildFile; fileRef = 55228C481CB469B9008CE422 /* HMXSubTagItem.m */; };
		55228C4D1CB46B9E008CE422 /* HMXSubTagCell.m in Sources */ = {isa = PBXBuildFile; fileRef = 55228C4B1CB46B9E008CE422 /* HMXSubTagCell.m */; };
		55228C4E1CB46B9E008CE422 /* HMXSubTagCell.xib in Resources */ = {isa = PBXBuildFile; fileRef = 55228C4C1CB46B9E008CE422 /* HMXSubTagCell.xib */; };
		55228C511CB47AE8008CE422 /* UIImage+CircleImage.m in Sources */ = {isa = PBXBuildFile; fileRef = 55228C501CB47AE8008CE422 /* UIImage+CircleImage.m */; };
		55228C5A1CB4843F008CE422 /* HMXLoginRegisterController.m in Sources */ = {isa = PBXBuildFile; fileRef = 55228C581CB4843F008CE422 /* HMXLoginRegisterController.m */; };
		55228C5B1CB4843F008CE422 /* HMXLoginRegisterController.xib in Resources */ = {isa = PBXBuildFile; fileRef = 55228C591CB4843F008CE422 /* HMXLoginRegisterController.xib */; };
		5524A97D1CDE192900B62B04 /* PlayAndPuaseBtn.m in Sources */ = {isa = PBXBuildFile; fileRef = 5524A97C1CDE192900B62B04 /* PlayAndPuaseBtn.m */; };
		5526D69C1CC0FAC10012E1DA /* HMXTopicPictureView.m in Sources */ = {isa = PBXBuildFile; fileRef = 5526D69B1CC0FAC10012E1DA /* HMXTopicPictureView.m */; };
		5526D69F1CC0FAE00012E1DA /* HMXTopicVoiceView.m in Sources */ = {isa = PBXBuildFile; fileRef = 5526D69E1CC0FAE00012E1DA /* HMXTopicVoiceView.m */; };
		5526D6A21CC0FAF00012E1DA /* HMXTopicVideoView.m in Sources */ = {isa = PBXBuildFile; fileRef = 5526D6A11CC0FAF00012E1DA /* HMXTopicVideoView.m */; };
		5526D6A41CC0FB030012E1DA /* HMXTopicPictureView.xib in Resources */ = {isa = PBXBuildFile; fileRef = 5526D6A31CC0FB030012E1DA /* HMXTopicPictureView.xib */; };
		5526D6A61CC0FB170012E1DA /* HMXTopicVoiceView.xib in Resources */ = {isa = PBXBuildFile; fileRef = 5526D6A51CC0FB170012E1DA /* HMXTopicVoiceView.xib */; };
		5526D6A81CC0FB210012E1DA /* HMXTopicVideoView.xib in Resources */ = {isa = PBXBuildFile; fileRef = 5526D6A71CC0FB210012E1DA /* HMXTopicVideoView.xib */; };
		552857A41CC8F34700F4F3DC /* HMXTopicsViewController.m in Sources */ = {isa = PBXBuildFile; fileRef = 552857A31CC8F34700F4F3DC /* HMXTopicsViewController.m */; };
		552857A71CC8FECF00F4F3DC /* HMXAllController.m in Sources */ = {isa = PBXBuildFile; fileRef = 552857A61CC8FECF00F4F3DC /* HMXAllController.m */; };
		552857AA1CC8FF3900F4F3DC /* HMXVedioController.m in Sources */ = {isa = PBXBuildFile; fileRef = 552857A91CC8FF3900F4F3DC /* HMXVedioController.m */; };
		552857AD1CC9167300F4F3DC /* HMXPictureController.m in Sources */ = {isa = PBXBuildFile; fileRef = 552857AC1CC9167300F4F3DC /* HMXPictureController.m */; };
		552857B01CC9169900F4F3DC /* HMXWordController.m in Sources */ = {isa = PBXBuildFile; fileRef = 552857AF1CC9169900F4F3DC /* HMXWordController.m */; };
		552857B31CC916BF00F4F3DC /* HMXVoiceController.m in Sources */ = {isa = PBXBuildFile; fileRef = 552857B21CC916BF00F4F3DC /* HMXVoiceController.m */; };
		553848E91CB5923000F1ACA5 /* HMXFastLogin.m in Sources */ = {isa = PBXBuildFile; fileRef = 553848E81CB5923000F1ACA5 /* HMXFastLogin.m */; };
		553848EB1CB5923C00F1ACA5 /* HMXFastLogin.xib in Resources */ = {isa = PBXBuildFile; fileRef = 553848EA1CB5923C00F1ACA5 /* HMXFastLogin.xib */; };
		553848EE1CB5972000F1ACA5 /* HMXFastLoginBtn.m in Sources */ = {isa = PBXBuildFile; fileRef = 553848ED1CB5972000F1ACA5 /* HMXFastLoginBtn.m */; };
		553848F11CB59D7100F1ACA5 /* HMXLoginTextField.m in Sources */ = {isa = PBXBuildFile; fileRef = 553848F01CB59D7100F1ACA5 /* HMXLoginTextField.m */; };
		553848F41CB5B1FC00F1ACA5 /* UITextField+Placeholder.m in Sources */ = {isa = PBXBuildFile; fileRef = 553848F31CB5B1FC00F1ACA5 /* UITextField+Placeholder.m */; };
		553848F61CB5BD6600F1ACA5 /* HMXMeViewController.storyboard in Resources */ = {isa = PBXBuildFile; fileRef = 553848F51CB5BD6600F1ACA5 /* HMXMeViewController.storyboard */; };
		553848FA1CB5C33A00F1ACA5 /* HMXSquareCell.m in Sources */ = {isa = PBXBuildFile; fileRef = 553848F81CB5C33A00F1ACA5 /* HMXSquareCell.m */; };
		553848FB1CB5C33A00F1ACA5 /* HMXSquareCell.xib in Resources */ = {isa = PBXBuildFile; fileRef = 553848F91CB5C33A00F1ACA5 /* HMXSquareCell.xib */; };
		553848FE1CB5CB0400F1ACA5 /* HMXSqaureItem.m in Sources */ = {isa = PBXBuildFile; fileRef = 553848FD1CB5CB0400F1ACA5 /* HMXSqaureItem.m */; };
		555F40301CB9259E00716929 /* HMXConst.m in Sources */ = {isa = PBXBuildFile; fileRef = 555F402F1CB9259E00716929 /* HMXConst.m */; };
		555F40331CB9333300716929 /* HMXTitlesButton.m in Sources */ = {isa = PBXBuildFile; fileRef = 555F40321CB9333300716929 /* HMXTitlesButton.m */; };
		557774441C94037D00AA37D5 /* Assets.xcassets in Resources */ = {isa = PBXBuildFile; fileRef = 557774431C94037D00AA37D5 /* Assets.xcassets */; };
		5577746B1C9449CD00AA37D5 /* AppDelegate.m in Sources */ = {isa = PBXBuildFile; fileRef = 557774651C9449CD00AA37D5 /* AppDelegate.m */; };
		5577746C1C9449CD00AA37D5 /* main.m in Sources */ = {isa = PBXBuildFile; fileRef = 557774661C9449CD00AA37D5 /* main.m */; };
		5577746F1C944DB100AA37D5 /* HMXTabBarController.m in Sources */ = {isa = PBXBuildFile; fileRef = 5577746E1C944DB100AA37D5 /* HMXTabBarController.m */; };
		557C57D01CB6077F00D2B597 /* HMXWebViewController.xib in Resources */ = {isa = PBXBuildFile; fileRef = 557C57CF1CB6077F00D2B597 /* HMXWebViewController.xib */; };
		557C57D91CB6419E00D2B597 /* BuDeJieFileManager.m in Sources */ = {isa = PBXBuildFile; fileRef = 557C57D81CB6419E00D2B597 /* BuDeJieFileManager.m */; };
		558B2B841CA8B6DC005D19E2 /* UIBarButtonItem+Extension.m in Sources */ = {isa = PBXBuildFile; fileRef = 558B2B811CA8B6DC005D19E2 /* UIBarButtonItem+Extension.m */; };
		558B2B851CA8B6DC005D19E2 /* UIView+Frame.m in Sources */ = {isa = PBXBuildFile; fileRef = 558B2B831CA8B6DC005D19E2 /* UIView+Frame.m */; };
		5593E1371CB60184008B8E54 /* HMXWebViewController.m in Sources */ = {isa = PBXBuildFile; fileRef = 5593E1361CB60184008B8E54 /* HMXWebViewController.m */; };
		559589741CC24F9600F75F15 /* UIImageView+DownloadImage.m in Sources */ = {isa = PBXBuildFile; fileRef = 559589731CC24F9600F75F15 /* UIImageView+DownloadImage.m */; };
		559589781CC271AF00F75F15 /* HMXSeeBigPictureController.m in Sources */ = {isa = PBXBuildFile; fileRef = 559589761CC271AF00F75F15 /* HMXSeeBigPictureController.m */; };
		559589791CC271AF00F75F15 /* HMXSeeBigPictureController.xib in Resources */ = {isa = PBXBuildFile; fileRef = 559589771CC271AF00F75F15 /* HMXSeeBigPictureController.xib */; };
		55963D1A1CB4425A007C359E /* HMXADItem.m in Sources */ = {isa = PBXBuildFile; fileRef = 55963D191CB4425A007C359E /* HMXADItem.m */; };
		559768911CAE37880046D2D2 /* HMXRecommendViewController.m in Sources */ = {isa = PBXBuildFile; fileRef = 5597688F1CAE37880046D2D2 /* HMXRecommendViewController.m */; };
		559768951CAE3D6C0046D2D2 /* CategoryItem.m in Sources */ = {isa = PBXBuildFile; fileRef = 559768941CAE3D6C0046D2D2 /* CategoryItem.m */; };
		5597689F1CAE5CD80046D2D2 /* HMXSettingViewController.m in Sources */ = {isa = PBXBuildFile; fileRef = 5597689E1CAE5CD80046D2D2 /* HMXSettingViewController.m */; };
		559768A71CAEBD560046D2D2 /* HMXADViewController.m in Sources */ = {isa = PBXBuildFile; fileRef = 559768A51CAEBD560046D2D2 /* HMXADViewController.m */; };
		559768A81CAEBD560046D2D2 /* HMXADViewController.xib in Resources */ = {isa = PBXBuildFile; fileRef = 559768A61CAEBD560046D2D2 /* HMXADViewController.xib */; };
		559768B11CAEBF9D0046D2D2 /* LaunchImage-568h@2x.png in Resources */ = {isa = PBXBuildFile; fileRef = 559768AA1CAEBF9D0046D2D2 /* LaunchImage-568h@2x.png */; };
		559768B21CAEBF9D0046D2D2 /* LaunchImage-700-568h@2x.png in Resources */ = {isa = PBXBuildFile; fileRef = 559768AB1CAEBF9D0046D2D2 /* LaunchImage-700-568h@2x.png */; };
		559768B31CAEBF9D0046D2D2 /* LaunchImage-700@2x.png in Resources */ = {isa = PBXBuildFile; fileRef = 559768AC1CAEBF9D0046D2D2 /* LaunchImage-700@2x.png */; };
		559768B41CAEBF9D0046D2D2 /* LaunchImage-800-667h@2x.png in Resources */ = {isa = PBXBuildFile; fileRef = 559768AD1CAEBF9D0046D2D2 /* LaunchImage-800-667h@2x.png */; };
		559768B51CAEBF9D0046D2D2 /* LaunchImage-800-Portrait-736h@3x.png in Resources */ = {isa = PBXBuildFile; fileRef = 559768AE1CAEBF9D0046D2D2 /* LaunchImage-800-Portrait-736h@3x.png */; };
		559768B61CAEBF9D0046D2D2 /* LaunchImage.png in Resources */ = {isa = PBXBuildFile; fileRef = 559768AF1CAEBF9D0046D2D2 /* LaunchImage.png */; };
		559768B71CAEBF9D0046D2D2 /* LaunchImage@2x.png in Resources */ = {isa = PBXBuildFile; fileRef = 559768B01CAEBF9D0046D2D2 /* LaunchImage@2x.png */; };
		55A509F81CB52791001FA32D /* HMXLoginRegisterView.m in Sources */ = {isa = PBXBuildFile; fileRef = 55A509F71CB52791001FA32D /* HMXLoginRegisterView.m */; };
		55A509FA1CB528B6001FA32D /* HMXLoginRegisterView.xib in Resources */ = {isa = PBXBuildFile; fileRef = 55A509F91CB528B6001FA32D /* HMXLoginRegisterView.xib */; };
		55A564151CAD337D002ED684 /* HMXNavigationController.m in Sources */ = {isa = PBXBuildFile; fileRef = 55A564141CAD337D002ED684 /* HMXNavigationController.m */; };
		55BD12D51CCE136F0053DBAB /* HMXRecommendViewController.xib in Resources */ = {isa = PBXBuildFile; fileRef = 55BD12D41CCE136F0053DBAB /* HMXRecommendViewController.xib */; };
		55BD12D91CCE19CC0053DBAB /* HMXCategoryCell.m in Sources */ = {isa = PBXBuildFile; fileRef = 55BD12D71CCE19CC0053DBAB /* HMXCategoryCell.m */; };
		55BD12DA1CCE19CC0053DBAB /* HMXCategoryCell.xib in Resources */ = {isa = PBXBuildFile; fileRef = 55BD12D81CCE19CC0053DBAB /* HMXCategoryCell.xib */; };
		55BD12DE1CCE3CE00053DBAB /* HMXUsersCell.m in Sources */ = {isa = PBXBuildFile; fileRef = 55BD12DC1CCE3CE00053DBAB /* HMXUsersCell.m */; };
		55BD12DF1CCE3CE00053DBAB /* HMXUsersCell.xib in Resources */ = {isa = PBXBuildFile; fileRef = 55BD12DD1CCE3CE00053DBAB /* HMXUsersCell.xib */; };
		55BD12E21CCE5E710053DBAB /* UserItem.m in Sources */ = {isa = PBXBuildFile; fileRef = 55BD12E11CCE5E710053DBAB /* UserItem.m */; };
		55C3BE771CBD0C0600D07E4C /* HMXTipicsItem.m in Sources */ = {isa = PBXBuildFile; fileRef = 55C3BE761CBD0C0600D07E4C /* HMXTipicsItem.m */; };
		55C87F671CAD566700C2B361 /* HMXFriendTrendViewController.xib in Resources */ = {isa = PBXBuildFile; fileRef = 55C87F661CAD566700C2B361 /* HMXFriendTrendViewController.xib */; };
		55CD6D671CA81989002E7187 /* HMXTabBar.m in Sources */ = {isa = PBXBuildFile; fileRef = 55CD6D661CA81989002E7187 /* HMXTabBar.m */; };
		55DC53081C945C5300FE4F95 /* HMXEssenceViewController.m in Sources */ = {isa = PBXBuildFile; fileRef = 55DC53071C945C5300FE4F95 /* HMXEssenceViewController.m */; };
		55DC530B1C945C7F00FE4F95 /* HMXFriendTrendViewController.m in Sources */ = {isa = PBXBuildFile; fileRef = 55DC530A1C945C7F00FE4F95 /* HMXFriendTrendViewController.m */; };
		55DC530E1C945C9400FE4F95 /* HMXMeViewController.m in Sources */ = {isa = PBXBuildFile; fileRef = 55DC530D1C945C9400FE4F95 /* HMXMeViewController.m */; };
		55DC53111C945CED00FE4F95 /* HMXNewViewController.m in Sources */ = {isa = PBXBuildFile; fileRef = 55DC53101C945CED00FE4F95 /* HMXNewViewController.m */; };
		55DC53171C945D4700FE4F95 /* HMXPublishViewController.m in Sources */ = {isa = PBXBuildFile; fileRef = 55DC53161C945D4700FE4F95 /* HMXPublishViewController.m */; };
		55EDA6D31CCBB1BB0054CB68 /* HMXHTTPSessionManager.m in Sources */ = {isa = PBXBuildFile; fileRef = 55EDA6D21CCBB1BB0054CB68 /* HMXHTTPSessionManager.m */; };
		55EDA6D61CCBB3410054CB68 /* HMXDIYHeader.m in Sources */ = {isa = PBXBuildFile; fileRef = 55EDA6D51CCBB3410054CB68 /* HMXDIYHeader.m */; };
		55EDA6D91CCBB6430054CB68 /* HMXRefreshHeader.m in Sources */ = {isa = PBXBuildFile; fileRef = 55EDA6D81CCBB6430054CB68 /* HMXRefreshHeader.m */; };
		55F5188A1CE0544900D8EDC7 /* gaoxiao.gif in Resources */ = {isa = PBXBuildFile; fileRef = 55F518891CE0544900D8EDC7 /* gaoxiao.gif */; };
		9B7368DC6BCF97F37CD8BF7A /* libPods.a in Frameworks */ = {isa = PBXBuildFile; fileRef = AB0327E7A077ACA594D851FE /* libPods.a */; };
/* End PBXBuildFile section */

/* Begin PBXFileReference section */
		2ACBE893D41F859ADA9A8740 /* Pods.debug.xcconfig */ = {isa = PBXFileReference; includeInIndex = 1; lastKnownFileType = text.xcconfig; name = Pods.debug.xcconfig; path = "Pods/Target Support Files/Pods/Pods.debug.xcconfig"; sourceTree = "<group>"; };
		551B374C1CBFA9BA00D5F1AB /* HMXTopicCell.h */ = {isa = PBXFileReference; fileEncoding = 4; lastKnownFileType = sourcecode.c.h; path = HMXTopicCell.h; sourceTree = "<group>"; };
		551B374D1CBFA9BA00D5F1AB /* HMXTopicCell.m */ = {isa = PBXFileReference; fileEncoding = 4; lastKnownFileType = sourcecode.c.objc; path = HMXTopicCell.m; sourceTree = "<group>"; };
		551B374E1CBFA9BA00D5F1AB /* HMXTopicCell.xib */ = {isa = PBXFileReference; fileEncoding = 4; lastKnownFileType = file.xib; path = HMXTopicCell.xib; sourceTree = "<group>"; };
		55228C441CB4623C008CE422 /* HMXSubTagViewController.h */ = {isa = PBXFileReference; fileEncoding = 4; lastKnownFileType = sourcecode.c.h; path = HMXSubTagViewController.h; sourceTree = "<group>"; };
		55228C451CB4623C008CE422 /* HMXSubTagViewController.m */ = {isa = PBXFileReference; fileEncoding = 4; lastKnownFileType = sourcecode.c.objc; path = HMXSubTagViewController.m; sourceTree = "<group>"; };
		55228C471CB469B9008CE422 /* HMXSubTagItem.h */ = {isa = PBXFileReference; fileEncoding = 4; lastKnownFileType = sourcecode.c.h; path = HMXSubTagItem.h; sourceTree = "<group>"; };
		55228C481CB469B9008CE422 /* HMXSubTagItem.m */ = {isa = PBXFileReference; fileEncoding = 4; lastKnownFileType = sourcecode.c.objc; path = HMXSubTagItem.m; sourceTree = "<group>"; };
		55228C4A1CB46B9E008CE422 /* HMXSubTagCell.h */ = {isa = PBXFileReference; fileEncoding = 4; lastKnownFileType = sourcecode.c.h; path = HMXSubTagCell.h; sourceTree = "<group>"; };
		55228C4B1CB46B9E008CE422 /* HMXSubTagCell.m */ = {isa = PBXFileReference; fileEncoding = 4; lastKnownFileType = sourcecode.c.objc; path = HMXSubTagCell.m; sourceTree = "<group>"; };
		55228C4C1CB46B9E008CE422 /* HMXSubTagCell.xib */ = {isa = PBXFileReference; fileEncoding = 4; lastKnownFileType = file.xib; path = HMXSubTagCell.xib; sourceTree = "<group>"; };
		55228C4F1CB47AE8008CE422 /* UIImage+CircleImage.h */ = {isa = PBXFileReference; fileEncoding = 4; lastKnownFileType = sourcecode.c.h; path = "UIImage+CircleImage.h"; sourceTree = "<group>"; };
		55228C501CB47AE8008CE422 /* UIImage+CircleImage.m */ = {isa = PBXFileReference; fileEncoding = 4; lastKnownFileType = sourcecode.c.objc; path = "UIImage+CircleImage.m"; sourceTree = "<group>"; };
		55228C571CB4843F008CE422 /* HMXLoginRegisterController.h */ = {isa = PBXFileReference; fileEncoding = 4; lastKnownFileType = sourcecode.c.h; path = HMXLoginRegisterController.h; sourceTree = "<group>"; };
		55228C581CB4843F008CE422 /* HMXLoginRegisterController.m */ = {isa = PBXFileReference; fileEncoding = 4; lastKnownFileType = sourcecode.c.objc; path = HMXLoginRegisterController.m; sourceTree = "<group>"; };
		55228C591CB4843F008CE422 /* HMXLoginRegisterController.xib */ = {isa = PBXFileReference; fileEncoding = 4; lastKnownFileType = file.xib; path = HMXLoginRegisterController.xib; sourceTree = "<group>"; };
		5524A97B1CDE192900B62B04 /* PlayAndPuaseBtn.h */ = {isa = PBXFileReference; fileEncoding = 4; lastKnownFileType = sourcecode.c.h; path = PlayAndPuaseBtn.h; sourceTree = "<group>"; };
		5524A97C1CDE192900B62B04 /* PlayAndPuaseBtn.m */ = {isa = PBXFileReference; fileEncoding = 4; lastKnownFileType = sourcecode.c.objc; path = PlayAndPuaseBtn.m; sourceTree = "<group>"; };
		5526D69A1CC0FAC10012E1DA /* HMXTopicPictureView.h */ = {isa = PBXFileReference; fileEncoding = 4; lastKnownFileType = sourcecode.c.h; path = HMXTopicPictureView.h; sourceTree = "<group>"; };
		5526D69B1CC0FAC10012E1DA /* HMXTopicPictureView.m */ = {isa = PBXFileReference; fileEncoding = 4; lastKnownFileType = sourcecode.c.objc; path = HMXTopicPictureView.m; sourceTree = "<group>"; };
		5526D69D1CC0FAE00012E1DA /* HMXTopicVoiceView.h */ = {isa = PBXFileReference; fileEncoding = 4; lastKnownFileType = sourcecode.c.h; path = HMXTopicVoiceView.h; sourceTree = "<group>"; };
		5526D69E1CC0FAE00012E1DA /* HMXTopicVoiceView.m */ = {isa = PBXFileReference; fileEncoding = 4; lastKnownFileType = sourcecode.c.objc; path = HMXTopicVoiceView.m; sourceTree = "<group>"; };
		5526D6A01CC0FAF00012E1DA /* HMXTopicVideoView.h */ = {isa = PBXFileReference; fileEncoding = 4; lastKnownFileType = sourcecode.c.h; path = HMXTopicVideoView.h; sourceTree = "<group>"; };
		5526D6A11CC0FAF00012E1DA /* HMXTopicVideoView.m */ = {isa = PBXFileReference; fileEncoding = 4; lastKnownFileType = sourcecode.c.objc; path = HMXTopicVideoView.m; sourceTree = "<group>"; };
		5526D6A31CC0FB030012E1DA /* HMXTopicPictureView.xib */ = {isa = PBXFileReference; fileEncoding = 4; lastKnownFileType = file.xib; path = HMXTopicPictureView.xib; sourceTree = "<group>"; };
		5526D6A51CC0FB170012E1DA /* HMXTopicVoiceView.xib */ = {isa = PBXFileReference; fileEncoding = 4; lastKnownFileType = file.xib; path = HMXTopicVoiceView.xib; sourceTree = "<group>"; };
		5526D6A71CC0FB210012E1DA /* HMXTopicVideoView.xib */ = {isa = PBXFileReference; fileEncoding = 4; lastKnownFileType = file.xib; path = HMXTopicVideoView.xib; sourceTree = "<group>"; };
		552857A21CC8F34700F4F3DC /* HMXTopicsViewController.h */ = {isa = PBXFileReference; fileEncoding = 4; lastKnownFileType = sourcecode.c.h; path = HMXTopicsViewController.h; sourceTree = "<group>"; };
		552857A31CC8F34700F4F3DC /* HMXTopicsViewController.m */ = {isa = PBXFileReference; fileEncoding = 4; lastKnownFileType = sourcecode.c.objc; path = HMXTopicsViewController.m; sourceTree = "<group>"; };
		552857A51CC8FECF00F4F3DC /* HMXAllController.h */ = {isa = PBXFileReference; fileEncoding = 4; lastKnownFileType = sourcecode.c.h; path = HMXAllController.h; sourceTree = "<group>"; };
		552857A61CC8FECF00F4F3DC /* HMXAllController.m */ = {isa = PBXFileReference; fileEncoding = 4; lastKnownFileType = sourcecode.c.objc; path = HMXAllController.m; sourceTree = "<group>"; };
		552857A81CC8FF3900F4F3DC /* HMXVedioController.h */ = {isa = PBXFileReference; fileEncoding = 4; lastKnownFileType = sourcecode.c.h; path = HMXVedioController.h; sourceTree = "<group>"; };
		552857A91CC8FF3900F4F3DC /* HMXVedioController.m */ = {isa = PBXFileReference; fileEncoding = 4; lastKnownFileType = sourcecode.c.objc; path = HMXVedioController.m; sourceTree = "<group>"; };
		552857AB1CC9167300F4F3DC /* HMXPictureController.h */ = {isa = PBXFileReference; fileEncoding = 4; lastKnownFileType = sourcecode.c.h; path = HMXPictureController.h; sourceTree = "<group>"; };
		552857AC1CC9167300F4F3DC /* HMXPictureController.m */ = {isa = PBXFileReference; fileEncoding = 4; lastKnownFileType = sourcecode.c.objc; path = HMXPictureController.m; sourceTree = "<group>"; };
		552857AE1CC9169900F4F3DC /* HMXWordController.h */ = {isa = PBXFileReference; fileEncoding = 4; lastKnownFileType = sourcecode.c.h; path = HMXWordController.h; sourceTree = "<group>"; };
		552857AF1CC9169900F4F3DC /* HMXWordController.m */ = {isa = PBXFileReference; fileEncoding = 4; lastKnownFileType = sourcecode.c.objc; path = HMXWordController.m; sourceTree = "<group>"; };
		552857B11CC916BF00F4F3DC /* HMXVoiceController.h */ = {isa = PBXFileReference; fileEncoding = 4; lastKnownFileType = sourcecode.c.h; path = HMXVoiceController.h; sourceTree = "<group>"; };
		552857B21CC916BF00F4F3DC /* HMXVoiceController.m */ = {isa = PBXFileReference; fileEncoding = 4; lastKnownFileType = sourcecode.c.objc; path = HMXVoiceController.m; sourceTree = "<group>"; };
		553848E71CB5923000F1ACA5 /* HMXFastLogin.h */ = {isa = PBXFileReference; fileEncoding = 4; lastKnownFileType = sourcecode.c.h; path = HMXFastLogin.h; sourceTree = "<group>"; };
		553848E81CB5923000F1ACA5 /* HMXFastLogin.m */ = {isa = PBXFileReference; fileEncoding = 4; lastKnownFileType = sourcecode.c.objc; path = HMXFastLogin.m; sourceTree = "<group>"; };
		553848EA1CB5923C00F1ACA5 /* HMXFastLogin.xib */ = {isa = PBXFileReference; fileEncoding = 4; lastKnownFileType = file.xib; path = HMXFastLogin.xib; sourceTree = "<group>"; };
		553848EC1CB5972000F1ACA5 /* HMXFastLoginBtn.h */ = {isa = PBXFileReference; fileEncoding = 4; lastKnownFileType = sourcecode.c.h; path = HMXFastLoginBtn.h; sourceTree = "<group>"; };
		553848ED1CB5972000F1ACA5 /* HMXFastLoginBtn.m */ = {isa = PBXFileReference; fileEncoding = 4; lastKnownFileType = sourcecode.c.objc; path = HMXFastLoginBtn.m; sourceTree = "<group>"; };
		553848EF1CB59D7100F1ACA5 /* HMXLoginTextField.h */ = {isa = PBXFileReference; fileEncoding = 4; lastKnownFileType = sourcecode.c.h; path = HMXLoginTextField.h; sourceTree = "<group>"; };
		553848F01CB59D7100F1ACA5 /* HMXLoginTextField.m */ = {isa = PBXFileReference; fileEncoding = 4; lastKnownFileType = sourcecode.c.objc; path = HMXLoginTextField.m; sourceTree = "<group>"; };
		553848F21CB5B1FC00F1ACA5 /* UITextField+Placeholder.h */ = {isa = PBXFileReference; fileEncoding = 4; lastKnownFileType = sourcecode.c.h; path = "UITextField+Placeholder.h"; sourceTree = "<group>"; };
		553848F31CB5B1FC00F1ACA5 /* UITextField+Placeholder.m */ = {isa = PBXFileReference; fileEncoding = 4; lastKnownFileType = sourcecode.c.objc; path = "UITextField+Placeholder.m"; sourceTree = "<group>"; };
		553848F51CB5BD6600F1ACA5 /* HMXMeViewController.storyboard */ = {isa = PBXFileReference; fileEncoding = 4; lastKnownFileType = file.storyboard; path = HMXMeViewController.storyboard; sourceTree = "<group>"; };
		553848F71CB5C33A00F1ACA5 /* HMXSquareCell.h */ = {isa = PBXFileReference; fileEncoding = 4; lastKnownFileType = sourcecode.c.h; path = HMXSquareCell.h; sourceTree = "<group>"; };
		553848F81CB5C33A00F1ACA5 /* HMXSquareCell.m */ = {isa = PBXFileReference; fileEncoding = 4; lastKnownFileType = sourcecode.c.objc; path = HMXSquareCell.m; sourceTree = "<group>"; };
		553848F91CB5C33A00F1ACA5 /* HMXSquareCell.xib */ = {isa = PBXFileReference; fileEncoding = 4; lastKnownFileType = file.xib; path = HMXSquareCell.xib; sourceTree = "<group>"; };
		553848FC1CB5CB0400F1ACA5 /* HMXSqaureItem.h */ = {isa = PBXFileReference; fileEncoding = 4; lastKnownFileType = sourcecode.c.h; path = HMXSqaureItem.h; sourceTree = "<group>"; };
		553848FD1CB5CB0400F1ACA5 /* HMXSqaureItem.m */ = {isa = PBXFileReference; fileEncoding = 4; lastKnownFileType = sourcecode.c.objc; path = HMXSqaureItem.m; sourceTree = "<group>"; };
		555F402E1CB9259E00716929 /* HMXConst.h */ = {isa = PBXFileReference; fileEncoding = 4; lastKnownFileType = sourcecode.c.h; path = HMXConst.h; sourceTree = "<group>"; };
		555F402F1CB9259E00716929 /* HMXConst.m */ = {isa = PBXFileReference; fileEncoding = 4; lastKnownFileType = sourcecode.c.objc; path = HMXConst.m; sourceTree = "<group>"; };
		555F40311CB9333300716929 /* HMXTitlesButton.h */ = {isa = PBXFileReference; fileEncoding = 4; lastKnownFileType = sourcecode.c.h; path = HMXTitlesButton.h; sourceTree = "<group>"; };
		555F40321CB9333300716929 /* HMXTitlesButton.m */ = {isa = PBXFileReference; fileEncoding = 4; lastKnownFileType = sourcecode.c.objc; path = HMXTitlesButton.m; sourceTree = "<group>"; };
		557774341C94037D00AA37D5 /* BuDeJie.app */ = {isa = PBXFileReference; explicitFileType = wrapper.application; includeInIndex = 0; path = BuDeJie.app; sourceTree = BUILT_PRODUCTS_DIR; };
		557774431C94037D00AA37D5 /* Assets.xcassets */ = {isa = PBXFileReference; lastKnownFileType = folder.assetcatalog; path = Assets.xcassets; sourceTree = "<group>"; };
		557774481C94037D00AA37D5 /* Info.plist */ = {isa = PBXFileReference; lastKnownFileType = text.plist.xml; path = Info.plist; sourceTree = "<group>"; };
		557774641C9449CD00AA37D5 /* AppDelegate.h */ = {isa = PBXFileReference; fileEncoding = 4; lastKnownFileType = sourcecode.c.h; path = AppDelegate.h; sourceTree = "<group>"; };
		557774651C9449CD00AA37D5 /* AppDelegate.m */ = {isa = PBXFileReference; fileEncoding = 4; lastKnownFileType = sourcecode.c.objc; path = AppDelegate.m; sourceTree = "<group>"; };
		557774661C9449CD00AA37D5 /* main.m */ = {isa = PBXFileReference; fileEncoding = 4; lastKnownFileType = sourcecode.c.objc; path = main.m; sourceTree = "<group>"; };
		5577746D1C944DB100AA37D5 /* HMXTabBarController.h */ = {isa = PBXFileReference; fileEncoding = 4; lastKnownFileType = sourcecode.c.h; path = HMXTabBarController.h; sourceTree = "<group>"; };
		5577746E1C944DB100AA37D5 /* HMXTabBarController.m */ = {isa = PBXFileReference; fileEncoding = 4; lastKnownFileType = sourcecode.c.objc; path = HMXTabBarController.m; sourceTree = "<group>"; };
		557C57CF1CB6077F00D2B597 /* HMXWebViewController.xib */ = {isa = PBXFileReference; fileEncoding = 4; lastKnownFileType = file.xib; path = HMXWebViewController.xib; sourceTree = "<group>"; };
		557C57D71CB6419E00D2B597 /* BuDeJieFileManager.h */ = {isa = PBXFileReference; fileEncoding = 4; lastKnownFileType = sourcecode.c.h; path = BuDeJieFileManager.h; sourceTree = "<group>"; };
		557C57D81CB6419E00D2B597 /* BuDeJieFileManager.m */ = {isa = PBXFileReference; fileEncoding = 4; lastKnownFileType = sourcecode.c.objc; path = BuDeJieFileManager.m; sourceTree = "<group>"; };
		558B2B801CA8B6DC005D19E2 /* UIBarButtonItem+Extension.h */ = {isa = PBXFileReference; fileEncoding = 4; lastKnownFileType = sourcecode.c.h; path = "UIBarButtonItem+Extension.h"; sourceTree = "<group>"; };
		558B2B811CA8B6DC005D19E2 /* UIBarButtonItem+Extension.m */ = {isa = PBXFileReference; fileEncoding = 4; lastKnownFileType = sourcecode.c.objc; path = "UIBarButtonItem+Extension.m"; sourceTree = "<group>"; };
		558B2B821CA8B6DC005D19E2 /* UIView+Frame.h */ = {isa = PBXFileReference; fileEncoding = 4; lastKnownFileType = sourcecode.c.h; path = "UIView+Frame.h"; sourceTree = "<group>"; };
		558B2B831CA8B6DC005D19E2 /* UIView+Frame.m */ = {isa = PBXFileReference; fileEncoding = 4; lastKnownFileType = sourcecode.c.objc; path = "UIView+Frame.m"; sourceTree = "<group>"; };
		5593E1351CB60184008B8E54 /* HMXWebViewController.h */ = {isa = PBXFileReference; fileEncoding = 4; lastKnownFileType = sourcecode.c.h; path = HMXWebViewController.h; sourceTree = "<group>"; };
		5593E1361CB60184008B8E54 /* HMXWebViewController.m */ = {isa = PBXFileReference; fileEncoding = 4; lastKnownFileType = sourcecode.c.objc; path = HMXWebViewController.m; sourceTree = "<group>"; };
		559589721CC24F9600F75F15 /* UIImageView+DownloadImage.h */ = {isa = PBXFileReference; fileEncoding = 4; lastKnownFileType = sourcecode.c.h; path = "UIImageView+DownloadImage.h"; sourceTree = "<group>"; };
		559589731CC24F9600F75F15 /* UIImageView+DownloadImage.m */ = {isa = PBXFileReference; fileEncoding = 4; lastKnownFileType = sourcecode.c.objc; path = "UIImageView+DownloadImage.m"; sourceTree = "<group>"; };
		559589751CC271AE00F75F15 /* HMXSeeBigPictureController.h */ = {isa = PBXFileReference; fileEncoding = 4; lastKnownFileType = sourcecode.c.h; path = HMXSeeBigPictureController.h; sourceTree = "<group>"; };
		559589761CC271AF00F75F15 /* HMXSeeBigPictureController.m */ = {isa = PBXFileReference; fileEncoding = 4; lastKnownFileType = sourcecode.c.objc; path = HMXSeeBigPictureController.m; sourceTree = "<group>"; };
		559589771CC271AF00F75F15 /* HMXSeeBigPictureController.xib */ = {isa = PBXFileReference; fileEncoding = 4; lastKnownFileType = file.xib; path = HMXSeeBigPictureController.xib; sourceTree = "<group>"; };
		55963D181CB4425A007C359E /* HMXADItem.h */ = {isa = PBXFileReference; fileEncoding = 4; lastKnownFileType = sourcecode.c.h; path = HMXADItem.h; sourceTree = "<group>"; };
		55963D191CB4425A007C359E /* HMXADItem.m */ = {isa = PBXFileReference; fileEncoding = 4; lastKnownFileType = sourcecode.c.objc; path = HMXADItem.m; sourceTree = "<group>"; };
		5597688E1CAE37880046D2D2 /* HMXRecommendViewController.h */ = {isa = PBXFileReference; fileEncoding = 4; lastKnownFileType = sourcecode.c.h; path = HMXRecommendViewController.h; sourceTree = "<group>"; };
		5597688F1CAE37880046D2D2 /* HMXRecommendViewController.m */ = {isa = PBXFileReference; fileEncoding = 4; lastKnownFileType = sourcecode.c.objc; path = HMXRecommendViewController.m; sourceTree = "<group>"; };
		559768931CAE3D6C0046D2D2 /* CategoryItem.h */ = {isa = PBXFileReference; fileEncoding = 4; lastKnownFileType = sourcecode.c.h; path = CategoryItem.h; sourceTree = "<group>"; };
		559768941CAE3D6C0046D2D2 /* CategoryItem.m */ = {isa = PBXFileReference; fileEncoding = 4; lastKnownFileType = sourcecode.c.objc; path = CategoryItem.m; sourceTree = "<group>"; };
		5597689D1CAE5CD80046D2D2 /* HMXSettingViewController.h */ = {isa = PBXFileReference; fileEncoding = 4; lastKnownFileType = sourcecode.c.h; path = HMXSettingViewController.h; sourceTree = "<group>"; };
		5597689E1CAE5CD80046D2D2 /* HMXSettingViewController.m */ = {isa = PBXFileReference; fileEncoding = 4; lastKnownFileType = sourcecode.c.objc; path = HMXSettingViewController.m; sourceTree = "<group>"; };
		559768A41CAEBD560046D2D2 /* HMXADViewController.h */ = {isa = PBXFileReference; fileEncoding = 4; lastKnownFileType = sourcecode.c.h; path = HMXADViewController.h; sourceTree = "<group>"; };
		559768A51CAEBD560046D2D2 /* HMXADViewController.m */ = {isa = PBXFileReference; fileEncoding = 4; lastKnownFileType = sourcecode.c.objc; path = HMXADViewController.m; sourceTree = "<group>"; };
		559768A61CAEBD560046D2D2 /* HMXADViewController.xib */ = {isa = PBXFileReference; fileEncoding = 4; lastKnownFileType = file.xib; path = HMXADViewController.xib; sourceTree = "<group>"; };
		559768AA1CAEBF9D0046D2D2 /* LaunchImage-568h@2x.png */ = {isa = PBXFileReference; lastKnownFileType = image.png; path = "LaunchImage-568h@2x.png"; sourceTree = "<group>"; };
		559768AB1CAEBF9D0046D2D2 /* LaunchImage-700-568h@2x.png */ = {isa = PBXFileReference; lastKnownFileType = image.png; path = "LaunchImage-700-568h@2x.png"; sourceTree = "<group>"; };
		559768AC1CAEBF9D0046D2D2 /* LaunchImage-700@2x.png */ = {isa = PBXFileReference; lastKnownFileType = image.png; path = "LaunchImage-700@2x.png"; sourceTree = "<group>"; };
		559768AD1CAEBF9D0046D2D2 /* LaunchImage-800-667h@2x.png */ = {isa = PBXFileReference; lastKnownFileType = image.png; path = "LaunchImage-800-667h@2x.png"; sourceTree = "<group>"; };
		559768AE1CAEBF9D0046D2D2 /* LaunchImage-800-Portrait-736h@3x.png */ = {isa = PBXFileReference; lastKnownFileType = image.png; path = "LaunchImage-800-Portrait-736h@3x.png"; sourceTree = "<group>"; };
		559768AF1CAEBF9D0046D2D2 /* LaunchImage.png */ = {isa = PBXFileReference; lastKnownFileType = image.png; path = LaunchImage.png; sourceTree = "<group>"; };
		559768B01CAEBF9D0046D2D2 /* LaunchImage@2x.png */ = {isa = PBXFileReference; lastKnownFileType = image.png; path = "LaunchImage@2x.png"; sourceTree = "<group>"; };
		55A509F61CB52791001FA32D /* HMXLoginRegisterView.h */ = {isa = PBXFileReference; fileEncoding = 4; lastKnownFileType = sourcecode.c.h; path = HMXLoginRegisterView.h; sourceTree = "<group>"; };
		55A509F71CB52791001FA32D /* HMXLoginRegisterView.m */ = {isa = PBXFileReference; fileEncoding = 4; lastKnownFileType = sourcecode.c.objc; path = HMXLoginRegisterView.m; sourceTree = "<group>"; };
		55A509F91CB528B6001FA32D /* HMXLoginRegisterView.xib */ = {isa = PBXFileReference; fileEncoding = 4; lastKnownFileType = file.xib; path = HMXLoginRegisterView.xib; sourceTree = "<group>"; };
		55A564131CAD337D002ED684 /* HMXNavigationController.h */ = {isa = PBXFileReference; fileEncoding = 4; lastKnownFileType = sourcecode.c.h; path = HMXNavigationController.h; sourceTree = "<group>"; };
		55A564141CAD337D002ED684 /* HMXNavigationController.m */ = {isa = PBXFileReference; fileEncoding = 4; lastKnownFileType = sourcecode.c.objc; path = HMXNavigationController.m; sourceTree = "<group>"; };
		55BD12D41CCE136F0053DBAB /* HMXRecommendViewController.xib */ = {isa = PBXFileReference; fileEncoding = 4; lastKnownFileType = file.xib; path = HMXRecommendViewController.xib; sourceTree = "<group>"; };
		55BD12D61CCE19CC0053DBAB /* HMXCategoryCell.h */ = {isa = PBXFileReference; fileEncoding = 4; lastKnownFileType = sourcecode.c.h; path = HMXCategoryCell.h; sourceTree = "<group>"; };
		55BD12D71CCE19CC0053DBAB /* HMXCategoryCell.m */ = {isa = PBXFileReference; fileEncoding = 4; lastKnownFileType = sourcecode.c.objc; path = HMXCategoryCell.m; sourceTree = "<group>"; };
		55BD12D81CCE19CC0053DBAB /* HMXCategoryCell.xib */ = {isa = PBXFileReference; fileEncoding = 4; lastKnownFileType = file.xib; path = HMXCategoryCell.xib; sourceTree = "<group>"; };
		55BD12DB1CCE3CE00053DBAB /* HMXUsersCell.h */ = {isa = PBXFileReference; fileEncoding = 4; lastKnownFileType = sourcecode.c.h; path = HMXUsersCell.h; sourceTree = "<group>"; };
		55BD12DC1CCE3CE00053DBAB /* HMXUsersCell.m */ = {isa = PBXFileReference; fileEncoding = 4; lastKnownFileType = sourcecode.c.objc; path = HMXUsersCell.m; sourceTree = "<group>"; };
		55BD12DD1CCE3CE00053DBAB /* HMXUsersCell.xib */ = {isa = PBXFileReference; fileEncoding = 4; lastKnownFileType = file.xib; path = HMXUsersCell.xib; sourceTree = "<group>"; };
		55BD12E01CCE5E710053DBAB /* UserItem.h */ = {isa = PBXFileReference; fileEncoding = 4; lastKnownFileType = sourcecode.c.h; path = UserItem.h; sourceTree = "<group>"; };
		55BD12E11CCE5E710053DBAB /* UserItem.m */ = {isa = PBXFileReference; fileEncoding = 4; lastKnownFileType = sourcecode.c.objc; path = UserItem.m; sourceTree = "<group>"; };
		55C3BE751CBD0C0600D07E4C /* HMXTipicsItem.h */ = {isa = PBXFileReference; fileEncoding = 4; lastKnownFileType = sourcecode.c.h; path = HMXTipicsItem.h; sourceTree = "<group>"; };
		55C3BE761CBD0C0600D07E4C /* HMXTipicsItem.m */ = {isa = PBXFileReference; fileEncoding = 4; lastKnownFileType = sourcecode.c.objc; path = HMXTipicsItem.m; sourceTree = "<group>"; };
		55C87F661CAD566700C2B361 /* HMXFriendTrendViewController.xib */ = {isa = PBXFileReference; fileEncoding = 4; lastKnownFileType = file.xib; path = HMXFriendTrendViewController.xib; sourceTree = "<group>"; };
		55CD6D651CA81989002E7187 /* HMXTabBar.h */ = {isa = PBXFileReference; fileEncoding = 4; lastKnownFileType = sourcecode.c.h; path = HMXTabBar.h; sourceTree = "<group>"; };
		55CD6D661CA81989002E7187 /* HMXTabBar.m */ = {isa = PBXFileReference; fileEncoding = 4; lastKnownFileType = sourcecode.c.objc; path = HMXTabBar.m; sourceTree = "<group>"; };
		55CD6D6B1CA8242C002E7187 /* BuDeJie.pch */ = {isa = PBXFileReference; lastKnownFileType = sourcecode.c.h; path = BuDeJie.pch; sourceTree = "<group>"; };
		55DC53061C945C5300FE4F95 /* HMXEssenceViewController.h */ = {isa = PBXFileReference; fileEncoding = 4; lastKnownFileType = sourcecode.c.h; path = HMXEssenceViewController.h; sourceTree = "<group>"; };
		55DC53071C945C5300FE4F95 /* HMXEssenceViewController.m */ = {isa = PBXFileReference; fileEncoding = 4; lastKnownFileType = sourcecode.c.objc; path = HMXEssenceViewController.m; sourceTree = "<group>"; };
		55DC53091C945C7F00FE4F95 /* HMXFriendTrendViewController.h */ = {isa = PBXFileReference; fileEncoding = 4; lastKnownFileType = sourcecode.c.h; path = HMXFriendTrendViewController.h; sourceTree = "<group>"; };
		55DC530A1C945C7F00FE4F95 /* HMXFriendTrendViewController.m */ = {isa = PBXFileReference; fileEncoding = 4; lastKnownFileType = sourcecode.c.objc; path = HMXFriendTrendViewController.m; sourceTree = "<group>"; };
		55DC530C1C945C9400FE4F95 /* HMXMeViewController.h */ = {isa = PBXFileReference; fileEncoding = 4; lastKnownFileType = sourcecode.c.h; path = HMXMeViewController.h; sourceTree = "<group>"; };
		55DC530D1C945C9400FE4F95 /* HMXMeViewController.m */ = {isa = PBXFileReference; fileEncoding = 4; lastKnownFileType = sourcecode.c.objc; path = HMXMeViewController.m; sourceTree = "<group>"; };
		55DC530F1C945CED00FE4F95 /* HMXNewViewController.h */ = {isa = PBXFileReference; fileEncoding = 4; lastKnownFileType = sourcecode.c.h; path = HMXNewViewController.h; sourceTree = "<group>"; };
		55DC53101C945CED00FE4F95 /* HMXNewViewController.m */ = {isa = PBXFileReference; fileEncoding = 4; lastKnownFileType = sourcecode.c.objc; path = HMXNewViewController.m; sourceTree = "<group>"; };
		55DC53151C945D4700FE4F95 /* HMXPublishViewController.h */ = {isa = PBXFileReference; fileEncoding = 4; lastKnownFileType = sourcecode.c.h; path = HMXPublishViewController.h; sourceTree = "<group>"; };
		55DC53161C945D4700FE4F95 /* HMXPublishViewController.m */ = {isa = PBXFileReference; fileEncoding = 4; lastKnownFileType = sourcecode.c.objc; path = HMXPublishViewController.m; sourceTree = "<group>"; };
		55EDA6D11CCBB1BB0054CB68 /* HMXHTTPSessionManager.h */ = {isa = PBXFileReference; fileEncoding = 4; lastKnownFileType = sourcecode.c.h; path = HMXHTTPSessionManager.h; sourceTree = "<group>"; };
		55EDA6D21CCBB1BB0054CB68 /* HMXHTTPSessionManager.m */ = {isa = PBXFileReference; fileEncoding = 4; lastKnownFileType = sourcecode.c.objc; path = HMXHTTPSessionManager.m; sourceTree = "<group>"; };
		55EDA6D41CCBB3410054CB68 /* HMXDIYHeader.h */ = {isa = PBXFileReference; fileEncoding = 4; lastKnownFileType = sourcecode.c.h; path = HMXDIYHeader.h; sourceTree = "<group>"; };
		55EDA6D51CCBB3410054CB68 /* HMXDIYHeader.m */ = {isa = PBXFileReference; fileEncoding = 4; lastKnownFileType = sourcecode.c.objc; path = HMXDIYHeader.m; sourceTree = "<group>"; };
		55EDA6D71CCBB6430054CB68 /* HMXRefreshHeader.h */ = {isa = PBXFileReference; fileEncoding = 4; lastKnownFileType = sourcecode.c.h; path = HMXRefreshHeader.h; sourceTree = "<group>"; };
		55EDA6D81CCBB6430054CB68 /* HMXRefreshHeader.m */ = {isa = PBXFileReference; fileEncoding = 4; lastKnownFileType = sourcecode.c.objc; path = HMXRefreshHeader.m; sourceTree = "<group>"; };
		55F518891CE0544900D8EDC7 /* gaoxiao.gif */ = {isa = PBXFileReference; lastKnownFileType = image.gif; path = gaoxiao.gif; sourceTree = "<group>"; };
		90C153BEF161D24B7D53C3D3 /* Pods.release.xcconfig */ = {isa = PBXFileReference; includeInIndex = 1; lastKnownFileType = text.xcconfig; name = Pods.release.xcconfig; path = "Pods/Target Support Files/Pods/Pods.release.xcconfig"; sourceTree = "<group>"; };
		AB0327E7A077ACA594D851FE /* libPods.a */ = {isa = PBXFileReference; explicitFileType = archive.ar; includeInIndex = 0; path = libPods.a; sourceTree = BUILT_PRODUCTS_DIR; };
/* End PBXFileReference section */

/* Begin PBXFrameworksBuildPhase section */
		557774311C94037D00AA37D5 /* Frameworks */ = {
			isa = PBXFrameworksBuildPhase;
			buildActionMask = 2147483647;
			files = (
				9B7368DC6BCF97F37CD8BF7A /* libPods.a in Frameworks */,
			);
			runOnlyForDeploymentPostprocessing = 0;
		};
/* End PBXFrameworksBuildPhase section */

/* Begin PBXGroup section */
		5577742B1C94037D00AA37D5 = {
			isa = PBXGroup;
			children = (
				557774361C94037D00AA37D5 /* BuDeJie */,
				557774351C94037D00AA37D5 /* Products */,
				BEA3AE24DBCCE2B34786AAC8 /* Frameworks */,
				9A163915548933613477291B /* Pods */,
			);
			sourceTree = "<group>";
		};
		557774351C94037D00AA37D5 /* Products */ = {
			isa = PBXGroup;
			children = (
				557774341C94037D00AA37D5 /* BuDeJie.app */,
			);
			name = Products;
			sourceTree = "<group>";
		};
		557774361C94037D00AA37D5 /* BuDeJie */ = {
			isa = PBXGroup;
			children = (
				5577744E1C9449CD00AA37D5 /* Classes */,
				557774431C94037D00AA37D5 /* Assets.xcassets */,
				557774481C94037D00AA37D5 /* Info.plist */,
				557774371C94037D00AA37D5 /* Supporting Files */,
			);
			path = BuDeJie;
			sourceTree = "<group>";
		};
		557774371C94037D00AA37D5 /* Supporting Files */ = {
			isa = PBXGroup;
			children = (
				55F518891CE0544900D8EDC7 /* gaoxiao.gif */,
				559768A91CAEBF9D0046D2D2 /* 启动图片 */,
			);
			name = "Supporting Files";
			sourceTree = "<group>";
		};
		5577744E1C9449CD00AA37D5 /* Classes */ = {
			isa = PBXGroup;
			children = (
				557C57D21CB6414900D2B597 /* Tools(业务类) */,
				559768A01CAEA6870046D2D2 /* AD(广告) */,
				559768991CAE5CB30046D2D2 /* Setting(设置) */,
				5577744F1C9449CD00AA37D5 /* Essence(精华) */,
				557774531C9449CD00AA37D5 /* FriendTrend(关注) */,
				557774571C9449CD00AA37D5 /* Main */,
				5577745B1C9449CD00AA37D5 /* Me(我) */,
				5577745F1C9449CD00AA37D5 /* New(新帖) */,
				557774631C9449CD00AA37D5 /* Other */,
				557774671C9449CD00AA37D5 /* publish(发布) */,
			);
			path = Classes;
			sourceTree = "<group>";
		};
		5577744F1C9449CD00AA37D5 /* Essence(精华) */ = {
			isa = PBXGroup;
			children = (
				557774501C9449CD00AA37D5 /* Controller */,
				557774511C9449CD00AA37D5 /* Model */,
				557774521C9449CD00AA37D5 /* View */,
			);
			path = "Essence(精华)";
			sourceTree = "<group>";
		};
		557774501C9449CD00AA37D5 /* Controller */ = {
			isa = PBXGroup;
			children = (
				55DC53061C945C5300FE4F95 /* HMXEssenceViewController.h */,
				55DC53071C945C5300FE4F95 /* HMXEssenceViewController.m */,
				552857A21CC8F34700F4F3DC /* HMXTopicsViewController.h */,
				552857A31CC8F34700F4F3DC /* HMXTopicsViewController.m */,
				552857A51CC8FECF00F4F3DC /* HMXAllController.h */,
				552857A61CC8FECF00F4F3DC /* HMXAllController.m */,
				552857A81CC8FF3900F4F3DC /* HMXVedioController.h */,
				552857A91CC8FF3900F4F3DC /* HMXVedioController.m */,
				552857AB1CC9167300F4F3DC /* HMXPictureController.h */,
				552857AC1CC9167300F4F3DC /* HMXPictureController.m */,
				552857AE1CC9169900F4F3DC /* HMXWordController.h */,
				552857AF1CC9169900F4F3DC /* HMXWordController.m */,
				552857B11CC916BF00F4F3DC /* HMXVoiceController.h */,
				552857B21CC916BF00F4F3DC /* HMXVoiceController.m */,
				559589751CC271AE00F75F15 /* HMXSeeBigPictureController.h */,
				559589761CC271AF00F75F15 /* HMXSeeBigPictureController.m */,
				559589771CC271AF00F75F15 /* HMXSeeBigPictureController.xib */,
			);
			path = Controller;
			sourceTree = "<group>";
		};
		557774511C9449CD00AA37D5 /* Model */ = {
			isa = PBXGroup;
			children = (
				55C3BE751CBD0C0600D07E4C /* HMXTipicsItem.h */,
				55C3BE761CBD0C0600D07E4C /* HMXTipicsItem.m */,
			);
			path = Model;
			sourceTree = "<group>";
		};
		557774521C9449CD00AA37D5 /* View */ = {
			isa = PBXGroup;
			children = (
				555F40311CB9333300716929 /* HMXTitlesButton.h */,
				555F40321CB9333300716929 /* HMXTitlesButton.m */,
				551B374C1CBFA9BA00D5F1AB /* HMXTopicCell.h */,
				551B374D1CBFA9BA00D5F1AB /* HMXTopicCell.m */,
				551B374E1CBFA9BA00D5F1AB /* HMXTopicCell.xib */,
				5526D69A1CC0FAC10012E1DA /* HMXTopicPictureView.h */,
				5526D69B1CC0FAC10012E1DA /* HMXTopicPictureView.m */,
				5526D6A31CC0FB030012E1DA /* HMXTopicPictureView.xib */,
				5526D69D1CC0FAE00012E1DA /* HMXTopicVoiceView.h */,
				5526D69E1CC0FAE00012E1DA /* HMXTopicVoiceView.m */,
				5526D6A51CC0FB170012E1DA /* HMXTopicVoiceView.xib */,
				5526D6A01CC0FAF00012E1DA /* HMXTopicVideoView.h */,
				5526D6A11CC0FAF00012E1DA /* HMXTopicVideoView.m */,
				5526D6A71CC0FB210012E1DA /* HMXTopicVideoView.xib */,
				5524A97B1CDE192900B62B04 /* PlayAndPuaseBtn.h */,
				5524A97C1CDE192900B62B04 /* PlayAndPuaseBtn.m */,
			);
			path = View;
			sourceTree = "<group>";
		};
		557774531C9449CD00AA37D5 /* FriendTrend(关注) */ = {
			isa = PBXGroup;
			children = (
				557774541C9449CD00AA37D5 /* Controller */,
				557774551C9449CD00AA37D5 /* Model */,
				557774561C9449CD00AA37D5 /* View */,
			);
			path = "FriendTrend(关注)";
			sourceTree = "<group>";
		};
		557774541C9449CD00AA37D5 /* Controller */ = {
			isa = PBXGroup;
			children = (
				55DC53091C945C7F00FE4F95 /* HMXFriendTrendViewController.h */,
				55DC530A1C945C7F00FE4F95 /* HMXFriendTrendViewController.m */,
				55C87F661CAD566700C2B361 /* HMXFriendTrendViewController.xib */,
				55228C571CB4843F008CE422 /* HMXLoginRegisterController.h */,
				55228C581CB4843F008CE422 /* HMXLoginRegisterController.m */,
				55228C591CB4843F008CE422 /* HMXLoginRegisterController.xib */,
				5597688E1CAE37880046D2D2 /* HMXRecommendViewController.h */,
				5597688F1CAE37880046D2D2 /* HMXRecommendViewController.m */,
				55BD12D41CCE136F0053DBAB /* HMXRecommendViewController.xib */,
			);
			path = Controller;
			sourceTree = "<group>";
		};
		557774551C9449CD00AA37D5 /* Model */ = {
			isa = PBXGroup;
			children = (
				559768931CAE3D6C0046D2D2 /* CategoryItem.h */,
				559768941CAE3D6C0046D2D2 /* CategoryItem.m */,
				55BD12E01CCE5E710053DBAB /* UserItem.h */,
				55BD12E11CCE5E710053DBAB /* UserItem.m */,
			);
			path = Model;
			sourceTree = "<group>";
		};
		557774561C9449CD00AA37D5 /* View */ = {
			isa = PBXGroup;
			children = (
				55A509F61CB52791001FA32D /* HMXLoginRegisterView.h */,
				55A509F71CB52791001FA32D /* HMXLoginRegisterView.m */,
				55A509F91CB528B6001FA32D /* HMXLoginRegisterView.xib */,
				553848E71CB5923000F1ACA5 /* HMXFastLogin.h */,
				553848E81CB5923000F1ACA5 /* HMXFastLogin.m */,
				553848EA1CB5923C00F1ACA5 /* HMXFastLogin.xib */,
				553848EC1CB5972000F1ACA5 /* HMXFastLoginBtn.h */,
				553848ED1CB5972000F1ACA5 /* HMXFastLoginBtn.m */,
				553848EF1CB59D7100F1ACA5 /* HMXLoginTextField.h */,
				553848F01CB59D7100F1ACA5 /* HMXLoginTextField.m */,
				55BD12D61CCE19CC0053DBAB /* HMXCategoryCell.h */,
				55BD12D71CCE19CC0053DBAB /* HMXCategoryCell.m */,
				55BD12D81CCE19CC0053DBAB /* HMXCategoryCell.xib */,
				55BD12DB1CCE3CE00053DBAB /* HMXUsersCell.h */,
				55BD12DC1CCE3CE00053DBAB /* HMXUsersCell.m */,
				55BD12DD1CCE3CE00053DBAB /* HMXUsersCell.xib */,
			);
			path = View;
			sourceTree = "<group>";
		};
		557774571C9449CD00AA37D5 /* Main */ = {
			isa = PBXGroup;
			children = (
				557774581C9449CD00AA37D5 /* Controller */,
				557774591C9449CD00AA37D5 /* Model */,
				5577745A1C9449CD00AA37D5 /* View */,
				55EDA6D11CCBB1BB0054CB68 /* HMXHTTPSessionManager.h */,
				55EDA6D21CCBB1BB0054CB68 /* HMXHTTPSessionManager.m */,
			);
			path = Main;
			sourceTree = "<group>";
		};
		557774581C9449CD00AA37D5 /* Controller */ = {
			isa = PBXGroup;
			children = (
				5577746D1C944DB100AA37D5 /* HMXTabBarController.h */,
				5577746E1C944DB100AA37D5 /* HMXTabBarController.m */,
				55A564131CAD337D002ED684 /* HMXNavigationController.h */,
				55A564141CAD337D002ED684 /* HMXNavigationController.m */,
			);
			path = Controller;
			sourceTree = "<group>";
		};
		557774591C9449CD00AA37D5 /* Model */ = {
			isa = PBXGroup;
			children = (
			);
			path = Model;
			sourceTree = "<group>";
		};
		5577745A1C9449CD00AA37D5 /* View */ = {
			isa = PBXGroup;
			children = (
				55CD6D651CA81989002E7187 /* HMXTabBar.h */,
				55CD6D661CA81989002E7187 /* HMXTabBar.m */,
				55EDA6D41CCBB3410054CB68 /* HMXDIYHeader.h */,
				55EDA6D51CCBB3410054CB68 /* HMXDIYHeader.m */,
				55EDA6D71CCBB6430054CB68 /* HMXRefreshHeader.h */,
				55EDA6D81CCBB6430054CB68 /* HMXRefreshHeader.m */,
			);
			path = View;
			sourceTree = "<group>";
		};
		5577745B1C9449CD00AA37D5 /* Me(我) */ = {
			isa = PBXGroup;
			children = (
				5577745C1C9449CD00AA37D5 /* Controller */,
				5577745D1C9449CD00AA37D5 /* Model */,
				5577745E1C9449CD00AA37D5 /* View */,
			);
			path = "Me(我)";
			sourceTree = "<group>";
		};
		5577745C1C9449CD00AA37D5 /* Controller */ = {
			isa = PBXGroup;
			children = (
				55DC530C1C945C9400FE4F95 /* HMXMeViewController.h */,
				55DC530D1C945C9400FE4F95 /* HMXMeViewController.m */,
				553848F51CB5BD6600F1ACA5 /* HMXMeViewController.storyboard */,
				5593E1351CB60184008B8E54 /* HMXWebViewController.h */,
				5593E1361CB60184008B8E54 /* HMXWebViewController.m */,
				557C57CF1CB6077F00D2B597 /* HMXWebViewController.xib */,
			);
			path = Controller;
			sourceTree = "<group>";
		};
		5577745D1C9449CD00AA37D5 /* Model */ = {
			isa = PBXGroup;
			children = (
				553848FC1CB5CB0400F1ACA5 /* HMXSqaureItem.h */,
				553848FD1CB5CB0400F1ACA5 /* HMXSqaureItem.m */,
			);
			path = Model;
			sourceTree = "<group>";
		};
		5577745E1C9449CD00AA37D5 /* View */ = {
			isa = PBXGroup;
			children = (
				553848F71CB5C33A00F1ACA5 /* HMXSquareCell.h */,
				553848F81CB5C33A00F1ACA5 /* HMXSquareCell.m */,
				553848F91CB5C33A00F1ACA5 /* HMXSquareCell.xib */,
			);
			path = View;
			sourceTree = "<group>";
		};
		5577745F1C9449CD00AA37D5 /* New(新帖) */ = {
			isa = PBXGroup;
			children = (
				557774601C9449CD00AA37D5 /* Controller */,
				557774611C9449CD00AA37D5 /* Model */,
				557774621C9449CD00AA37D5 /* View */,
			);
			path = "New(新帖)";
			sourceTree = "<group>";
		};
		557774601C9449CD00AA37D5 /* Controller */ = {
			isa = PBXGroup;
			children = (
				55DC530F1C945CED00FE4F95 /* HMXNewViewController.h */,
				55DC53101C945CED00FE4F95 /* HMXNewViewController.m */,
				55228C441CB4623C008CE422 /* HMXSubTagViewController.h */,
				55228C451CB4623C008CE422 /* HMXSubTagViewController.m */,
			);
			path = Controller;
			sourceTree = "<group>";
		};
		557774611C9449CD00AA37D5 /* Model */ = {
			isa = PBXGroup;
			children = (
				55228C471CB469B9008CE422 /* HMXSubTagItem.h */,
				55228C481CB469B9008CE422 /* HMXSubTagItem.m */,
			);
			path = Model;
			sourceTree = "<group>";
		};
		557774621C9449CD00AA37D5 /* View */ = {
			isa = PBXGroup;
			children = (
				55228C4A1CB46B9E008CE422 /* HMXSubTagCell.h */,
				55228C4B1CB46B9E008CE422 /* HMXSubTagCell.m */,
				55228C4C1CB46B9E008CE422 /* HMXSubTagCell.xib */,
			);
			path = View;
			sourceTree = "<group>";
		};
		557774631C9449CD00AA37D5 /* Other */ = {
			isa = PBXGroup;
			children = (
				557774641C9449CD00AA37D5 /* AppDelegate.h */,
				557774651C9449CD00AA37D5 /* AppDelegate.m */,
				555F402E1CB9259E00716929 /* HMXConst.h */,
				555F402F1CB9259E00716929 /* HMXConst.m */,
				557774661C9449CD00AA37D5 /* main.m */,
				55CD6D6B1CA8242C002E7187 /* BuDeJie.pch */,
				558B2B7F1CA8B6DC005D19E2 /* category */,
			);
			path = Other;
			sourceTree = "<group>";
		};
		557774671C9449CD00AA37D5 /* publish(发布) */ = {
			isa = PBXGroup;
			children = (
				557774681C9449CD00AA37D5 /* Controller */,
				557774691C9449CD00AA37D5 /* Model */,
				5577746A1C9449CD00AA37D5 /* View */,
			);
			path = "publish(发布)";
			sourceTree = "<group>";
		};
		557774681C9449CD00AA37D5 /* Controller */ = {
			isa = PBXGroup;
			children = (
				55DC53151C945D4700FE4F95 /* HMXPublishViewController.h */,
				55DC53161C945D4700FE4F95 /* HMXPublishViewController.m */,
			);
			path = Controller;
			sourceTree = "<group>";
		};
		557774691C9449CD00AA37D5 /* Model */ = {
			isa = PBXGroup;
			children = (
			);
			path = Model;
			sourceTree = "<group>";
		};
		5577746A1C9449CD00AA37D5 /* View */ = {
			isa = PBXGroup;
			children = (
			);
			path = View;
			sourceTree = "<group>";
		};
		557C57D21CB6414900D2B597 /* Tools(业务类) */ = {
			isa = PBXGroup;
			children = (
				557C57D31CB6414900D2B597 /* HMXFileManager */,
			);
			path = "Tools(业务类)";
			sourceTree = "<group>";
		};
		557C57D31CB6414900D2B597 /* HMXFileManager */ = {
			isa = PBXGroup;
			children = (
				557C57D71CB6419E00D2B597 /* BuDeJieFileManager.h */,
				557C57D81CB6419E00D2B597 /* BuDeJieFileManager.m */,
			);
			path = HMXFileManager;
			sourceTree = "<group>";
		};
		558B2B7F1CA8B6DC005D19E2 /* category */ = {
			isa = PBXGroup;
			children = (
				558B2B801CA8B6DC005D19E2 /* UIBarButtonItem+Extension.h */,
				558B2B811CA8B6DC005D19E2 /* UIBarButtonItem+Extension.m */,
				558B2B821CA8B6DC005D19E2 /* UIView+Frame.h */,
				558B2B831CA8B6DC005D19E2 /* UIView+Frame.m */,
				55228C4F1CB47AE8008CE422 /* UIImage+CircleImage.h */,
				55228C501CB47AE8008CE422 /* UIImage+CircleImage.m */,
				553848F21CB5B1FC00F1ACA5 /* UITextField+Placeholder.h */,
				553848F31CB5B1FC00F1ACA5 /* UITextField+Placeholder.m */,
				559589721CC24F9600F75F15 /* UIImageView+DownloadImage.h */,
				559589731CC24F9600F75F15 /* UIImageView+DownloadImage.m */,
			);
			path = category;
			sourceTree = "<group>";
		};
		559768991CAE5CB30046D2D2 /* Setting(设置) */ = {
			isa = PBXGroup;
			children = (
				5597689A1CAE5CB30046D2D2 /* Controller */,
				5597689B1CAE5CB30046D2D2 /* Model */,
				5597689C1CAE5CB30046D2D2 /* View */,
			);
			path = "Setting(设置)";
			sourceTree = "<group>";
		};
		5597689A1CAE5CB30046D2D2 /* Controller */ = {
			isa = PBXGroup;
			children = (
				5597689D1CAE5CD80046D2D2 /* HMXSettingViewController.h */,
				5597689E1CAE5CD80046D2D2 /* HMXSettingViewController.m */,
			);
			path = Controller;
			sourceTree = "<group>";
		};
		5597689B1CAE5CB30046D2D2 /* Model */ = {
			isa = PBXGroup;
			children = (
			);
			path = Model;
			sourceTree = "<group>";
		};
		5597689C1CAE5CB30046D2D2 /* View */ = {
			isa = PBXGroup;
			children = (
			);
			path = View;
			sourceTree = "<group>";
		};
		559768A01CAEA6870046D2D2 /* AD(广告) */ = {
			isa = PBXGroup;
			children = (
				559768A11CAEA6870046D2D2 /* Controller */,
				559768A21CAEA6870046D2D2 /* Model */,
				559768A31CAEA6870046D2D2 /* View */,
			);
			path = "AD(广告)";
			sourceTree = "<group>";
		};
		559768A11CAEA6870046D2D2 /* Controller */ = {
			isa = PBXGroup;
			children = (
				559768A41CAEBD560046D2D2 /* HMXADViewController.h */,
				559768A51CAEBD560046D2D2 /* HMXADViewController.m */,
				559768A61CAEBD560046D2D2 /* HMXADViewController.xib */,
			);
			path = Controller;
			sourceTree = "<group>";
		};
		559768A21CAEA6870046D2D2 /* Model */ = {
			isa = PBXGroup;
			children = (
				55963D181CB4425A007C359E /* HMXADItem.h */,
				55963D191CB4425A007C359E /* HMXADItem.m */,
			);
			path = Model;
			sourceTree = "<group>";
		};
		559768A31CAEA6870046D2D2 /* View */ = {
			isa = PBXGroup;
			children = (
			);
			path = View;
			sourceTree = "<group>";
		};
		559768A91CAEBF9D0046D2D2 /* 启动图片 */ = {
			isa = PBXGroup;
			children = (
				559768AA1CAEBF9D0046D2D2 /* LaunchImage-568h@2x.png */,
				559768AB1CAEBF9D0046D2D2 /* LaunchImage-700-568h@2x.png */,
				559768AC1CAEBF9D0046D2D2 /* LaunchImage-700@2x.png */,
				559768AD1CAEBF9D0046D2D2 /* LaunchImage-800-667h@2x.png */,
				559768AE1CAEBF9D0046D2D2 /* LaunchImage-800-Portrait-736h@3x.png */,
				559768AF1CAEBF9D0046D2D2 /* LaunchImage.png */,
				559768B01CAEBF9D0046D2D2 /* LaunchImage@2x.png */,
			);
			path = "启动图片";
			sourceTree = "<group>";
		};
		9A163915548933613477291B /* Pods */ = {
			isa = PBXGroup;
			children = (
				2ACBE893D41F859ADA9A8740 /* Pods.debug.xcconfig */,
				90C153BEF161D24B7D53C3D3 /* Pods.release.xcconfig */,
			);
			name = Pods;
			sourceTree = "<group>";
		};
		BEA3AE24DBCCE2B34786AAC8 /* Frameworks */ = {
			isa = PBXGroup;
			children = (
				AB0327E7A077ACA594D851FE /* libPods.a */,
			);
			name = Frameworks;
			sourceTree = "<group>";
		};
/* End PBXGroup section */

/* Begin PBXNativeTarget section */
		557774331C94037D00AA37D5 /* BuDeJie */ = {
			isa = PBXNativeTarget;
			buildConfigurationList = 5577744B1C94037D00AA37D5 /* Build configuration list for PBXNativeTarget "BuDeJie" */;
			buildPhases = (
				F2EA7B8C1A6B63A6AD6B99DF /* Check Pods Manifest.lock */,
				557774301C94037D00AA37D5 /* Sources */,
				557774311C94037D00AA37D5 /* Frameworks */,
				557774321C94037D00AA37D5 /* Resources */,
				0F4440EE408C17B24E8B2540 /* Embed Pods Frameworks */,
				9A604A574E8A43DF07AF9CD8 /* Copy Pods Resources */,
			);
			buildRules = (
			);
			dependencies = (
			);
			name = BuDeJie;
			productName = BuDeJie;
			productReference = 557774341C94037D00AA37D5 /* BuDeJie.app */;
			productType = "com.apple.product-type.application";
		};
/* End PBXNativeTarget section */

/* Begin PBXProject section */
		5577742C1C94037D00AA37D5 /* Project object */ = {
			isa = PBXProject;
			attributes = {
				LastUpgradeCheck = 0710;
				ORGANIZATIONNAME = hemengxiang;
				TargetAttributes = {
					557774331C94037D00AA37D5 = {
						CreatedOnToolsVersion = 7.1;
						DevelopmentTeam = 5J4983VAR8;
					};
				};
			};
			buildConfigurationList = 5577742F1C94037D00AA37D5 /* Build configuration list for PBXProject "BuDeJie" */;
			compatibilityVersion = "Xcode 3.2";
			developmentRegion = English;
			hasScannedForEncodings = 0;
			knownRegions = (
				en,
				Base,
			);
			mainGroup = 5577742B1C94037D00AA37D5;
			productRefGroup = 557774351C94037D00AA37D5 /* Products */;
			projectDirPath = "";
			projectRoot = "";
			targets = (
				557774331C94037D00AA37D5 /* BuDeJie */,
			);
		};
/* End PBXProject section */

/* Begin PBXResourcesBuildPhase section */
		557774321C94037D00AA37D5 /* Resources */ = {
			isa = PBXResourcesBuildPhase;
			buildActionMask = 2147483647;
			files = (
				551B37501CBFA9BA00D5F1AB /* HMXTopicCell.xib in Resources */,
				55BD12D51CCE136F0053DBAB /* HMXRecommendViewController.xib in Resources */,
				553848FB1CB5C33A00F1ACA5 /* HMXSquareCell.xib in Resources */,
				55F5188A1CE0544900D8EDC7 /* gaoxiao.gif in Resources */,
				559768B51CAEBF9D0046D2D2 /* LaunchImage-800-Portrait-736h@3x.png in Resources */,
				559768A81CAEBD560046D2D2 /* HMXADViewController.xib in Resources */,
				553848F61CB5BD6600F1ACA5 /* HMXMeViewController.storyboard in Resources */,
				557C57D01CB6077F00D2B597 /* HMXWebViewController.xib in Resources */,
				55BD12DF1CCE3CE00053DBAB /* HMXUsersCell.xib in Resources */,
				55BD12DA1CCE19CC0053DBAB /* HMXCategoryCell.xib in Resources */,
				559768B71CAEBF9D0046D2D2 /* LaunchImage@2x.png in Resources */,
				559768B21CAEBF9D0046D2D2 /* LaunchImage-700-568h@2x.png in Resources */,
				559768B41CAEBF9D0046D2D2 /* LaunchImage-800-667h@2x.png in Resources */,
				559768B11CAEBF9D0046D2D2 /* LaunchImage-568h@2x.png in Resources */,
				559768B61CAEBF9D0046D2D2 /* LaunchImage.png in Resources */,
				55C87F671CAD566700C2B361 /* HMXFriendTrendViewController.xib in Resources */,
				55228C5B1CB4843F008CE422 /* HMXLoginRegisterController.xib in Resources */,
				55228C4E1CB46B9E008CE422 /* HMXSubTagCell.xib in Resources */,
				5526D6A41CC0FB030012E1DA /* HMXTopicPictureView.xib in Resources */,
				5526D6A61CC0FB170012E1DA /* HMXTopicVoiceView.xib in Resources */,
				553848EB1CB5923C00F1ACA5 /* HMXFastLogin.xib in Resources */,
				559589791CC271AF00F75F15 /* HMXSeeBigPictureController.xib in Resources */,
				5526D6A81CC0FB210012E1DA /* HMXTopicVideoView.xib in Resources */,
				559768B31CAEBF9D0046D2D2 /* LaunchImage-700@2x.png in Resources */,
				557774441C94037D00AA37D5 /* Assets.xcassets in Resources */,
				55A509FA1CB528B6001FA32D /* HMXLoginRegisterView.xib in Resources */,
			);
			runOnlyForDeploymentPostprocessing = 0;
		};
/* End PBXResourcesBuildPhase section */

/* Begin PBXShellScriptBuildPhase section */
		0F4440EE408C17B24E8B2540 /* Embed Pods Frameworks */ = {
			isa = PBXShellScriptBuildPhase;
			buildActionMask = 2147483647;
			files = (
			);
			inputPaths = (
			);
			name = "Embed Pods Frameworks";
			outputPaths = (
			);
			runOnlyForDeploymentPostprocessing = 0;
			shellPath = /bin/sh;
			shellScript = "\"${SRCROOT}/Pods/Target Support Files/Pods/Pods-frameworks.sh\"\n";
			showEnvVarsInLog = 0;
		};
		9A604A574E8A43DF07AF9CD8 /* Copy Pods Resources */ = {
			isa = PBXShellScriptBuildPhase;
			buildActionMask = 2147483647;
			files = (
			);
			inputPaths = (
			);
			name = "Copy Pods Resources";
			outputPaths = (
			);
			runOnlyForDeploymentPostprocessing = 0;
			shellPath = /bin/sh;
			shellScript = "\"${SRCROOT}/Pods/Target Support Files/Pods/Pods-resources.sh\"\n";
			showEnvVarsInLog = 0;
		};
		F2EA7B8C1A6B63A6AD6B99DF /* Check Pods Manifest.lock */ = {
			isa = PBXShellScriptBuildPhase;
			buildActionMask = 2147483647;
			files = (
			);
			inputPaths = (
			);
			name = "Check Pods Manifest.lock";
			outputPaths = (
			);
			runOnlyForDeploymentPostprocessing = 0;
			shellPath = /bin/sh;
			shellScript = "diff \"${PODS_ROOT}/../Podfile.lock\" \"${PODS_ROOT}/Manifest.lock\" > /dev/null\nif [[ $? != 0 ]] ; then\n    cat << EOM\nerror: The sandbox is not in sync with the Podfile.lock. Run 'pod install' or update your CocoaPods installation.\nEOM\n    exit 1\nfi\n";
			showEnvVarsInLog = 0;
		};
/* End PBXShellScriptBuildPhase section */

/* Begin PBXSourcesBuildPhase section */
		557774301C94037D00AA37D5 /* Sources */ = {
			isa = PBXSourcesBuildPhase;
			buildActionMask = 2147483647;
			files = (
				55228C491CB469B9008CE422 /* HMXSubTagItem.m in Sources */,
				55963D1A1CB4425A007C359E /* HMXADItem.m in Sources */,
				55DC53171C945D4700FE4F95 /* HMXPublishViewController.m in Sources */,
				552857A71CC8FECF00F4F3DC /* HMXAllController.m in Sources */,
				55BD12DE1CCE3CE00053DBAB /* HMXUsersCell.m in Sources */,
				552857B31CC916BF00F4F3DC /* HMXVoiceController.m in Sources */,
				55EDA6D61CCBB3410054CB68 /* HMXDIYHeader.m in Sources */,
				55A509F81CB52791001FA32D /* HMXLoginRegisterView.m in Sources */,
				5526D69C1CC0FAC10012E1DA /* HMXTopicPictureView.m in Sources */,
				553848EE1CB5972000F1ACA5 /* HMXFastLoginBtn.m in Sources */,
				551B374F1CBFA9BA00D5F1AB /* HMXTopicCell.m in Sources */,
				55BD12E21CCE5E710053DBAB /* UserItem.m in Sources */,
				559768A71CAEBD560046D2D2 /* HMXADViewController.m in Sources */,
				5597689F1CAE5CD80046D2D2 /* HMXSettingViewController.m in Sources */,
				55DC530E1C945C9400FE4F95 /* HMXMeViewController.m in Sources */,
				553848FA1CB5C33A00F1ACA5 /* HMXSquareCell.m in Sources */,
				55DC53111C945CED00FE4F95 /* HMXNewViewController.m in Sources */,
				555F40331CB9333300716929 /* HMXTitlesButton.m in Sources */,
				55DC530B1C945C7F00FE4F95 /* HMXFriendTrendViewController.m in Sources */,
				552857A41CC8F34700F4F3DC /* HMXTopicsViewController.m in Sources */,
				552857AA1CC8FF3900F4F3DC /* HMXVedioController.m in Sources */,
				558B2B841CA8B6DC005D19E2 /* UIBarButtonItem+Extension.m in Sources */,
				55EDA6D91CCBB6430054CB68 /* HMXRefreshHeader.m in Sources */,
				5577746C1C9449CD00AA37D5 /* main.m in Sources */,
				5577746F1C944DB100AA37D5 /* HMXTabBarController.m in Sources */,
				553848F11CB59D7100F1ACA5 /* HMXLoginTextField.m in Sources */,
				55C3BE771CBD0C0600D07E4C /* HMXTipicsItem.m in Sources */,
				5526D6A21CC0FAF00012E1DA /* HMXTopicVideoView.m in Sources */,
				55CD6D671CA81989002E7187 /* HMXTabBar.m in Sources */,
				559589741CC24F9600F75F15 /* UIImageView+DownloadImage.m in Sources */,
				5526D69F1CC0FAE00012E1DA /* HMXTopicVoiceView.m in Sources */,
				553848F41CB5B1FC00F1ACA5 /* UITextField+Placeholder.m in Sources */,
				552857B01CC9169900F4F3DC /* HMXWordController.m in Sources */,
				553848E91CB5923000F1ACA5 /* HMXFastLogin.m in Sources */,
				5577746B1C9449CD00AA37D5 /* AppDelegate.m in Sources */,
				552857AD1CC9167300F4F3DC /* HMXPictureController.m in Sources */,
				55228C461CB4623C008CE422 /* HMXSubTagViewController.m in Sources */,
				55BD12D91CCE19CC0053DBAB /* HMXCategoryCell.m in Sources */,
				55DC53081C945C5300FE4F95 /* HMXEssenceViewController.m in Sources */,
				559768951CAE3D6C0046D2D2 /* CategoryItem.m in Sources */,
				555F40301CB9259E00716929 /* HMXConst.m in Sources */,
				559768911CAE37880046D2D2 /* HMXRecommendViewController.m in Sources */,
				55228C4D1CB46B9E008CE422 /* HMXSubTagCell.m in Sources */,
				5524A97D1CDE192900B62B04 /* PlayAndPuaseBtn.m in Sources */,
				55228C5A1CB4843F008CE422 /* HMXLoginRegisterController.m in Sources */,
				55EDA6D31CCBB1BB0054CB68 /* HMXHTTPSessionManager.m in Sources */,
				558B2B851CA8B6DC005D19E2 /* UIView+Frame.m in Sources */,
				553848FE1CB5CB0400F1ACA5 /* HMXSqaureItem.m in Sources */,
				55A564151CAD337D002ED684 /* HMXNavigationController.m in Sources */,
				55228C511CB47AE8008CE422 /* UIImage+CircleImage.m in Sources */,
				557C57D91CB6419E00D2B597 /* BuDeJieFileManager.m in Sources */,
				559589781CC271AF00F75F15 /* HMXSeeBigPictureController.m in Sources */,
				5593E1371CB60184008B8E54 /* HMXWebViewController.m in Sources */,
			);
			runOnlyForDeploymentPostprocessing = 0;
		};
/* End PBXSourcesBuildPhase section */

/* Begin XCBuildConfiguration section */
		557774491C94037D00AA37D5 /* Debug */ = {
			isa = XCBuildConfiguration;
			buildSettings = {
				ALWAYS_SEARCH_USER_PATHS = NO;
				CLANG_CXX_LANGUAGE_STANDARD = "gnu++0x";
				CLANG_CXX_LIBRARY = "libc++";
				CLANG_ENABLE_MODULES = YES;
				CLANG_ENABLE_OBJC_ARC = YES;
				CLANG_WARN_BOOL_CONVERSION = YES;
				CLANG_WARN_CONSTANT_CONVERSION = YES;
				CLANG_WARN_DIRECT_OBJC_ISA_USAGE = YES_ERROR;
				CLANG_WARN_EMPTY_BODY = YES;
				CLANG_WARN_ENUM_CONVERSION = YES;
				CLANG_WARN_INT_CONVERSION = YES;
				CLANG_WARN_OBJC_ROOT_CLASS = YES_ERROR;
				CLANG_WARN_UNREACHABLE_CODE = YES;
				CLANG_WARN__DUPLICATE_METHOD_MATCH = YES;
				"CODE_SIGN_IDENTITY[sdk=iphoneos*]" = "iPhone Developer";
				COPY_PHASE_STRIP = NO;
				DEBUG_INFORMATION_FORMAT = dwarf;
				ENABLE_STRICT_OBJC_MSGSEND = YES;
				ENABLE_TESTABILITY = YES;
				GCC_C_LANGUAGE_STANDARD = gnu99;
				GCC_DYNAMIC_NO_PIC = NO;
				GCC_NO_COMMON_BLOCKS = YES;
				GCC_OPTIMIZATION_LEVEL = 0;
				GCC_PREPROCESSOR_DEFINITIONS = (
					"DEBUG=1",
					"$(inherited)",
				);
				GCC_WARN_64_TO_32_BIT_CONVERSION = YES;
				GCC_WARN_ABOUT_RETURN_TYPE = YES_ERROR;
				GCC_WARN_UNDECLARED_SELECTOR = YES;
				GCC_WARN_UNINITIALIZED_AUTOS = YES_AGGRESSIVE;
				GCC_WARN_UNUSED_FUNCTION = YES;
				GCC_WARN_UNUSED_VARIABLE = YES;
				IPHONEOS_DEPLOYMENT_TARGET = 9.1;
				MTL_ENABLE_DEBUG_INFO = YES;
				ONLY_ACTIVE_ARCH = YES;
				SDKROOT = iphoneos;
			};
			name = Debug;
		};
		5577744A1C94037D00AA37D5 /* Release */ = {
			isa = XCBuildConfiguration;
			buildSettings = {
				ALWAYS_SEARCH_USER_PATHS = NO;
				CLANG_CXX_LANGUAGE_STANDARD = "gnu++0x";
				CLANG_CXX_LIBRARY = "libc++";
				CLANG_ENABLE_MODULES = YES;
				CLANG_ENABLE_OBJC_ARC = YES;
				CLANG_WARN_BOOL_CONVERSION = YES;
				CLANG_WARN_CONSTANT_CONVERSION = YES;
				CLANG_WARN_DIRECT_OBJC_ISA_USAGE = YES_ERROR;
				CLANG_WARN_EMPTY_BODY = YES;
				CLANG_WARN_ENUM_CONVERSION = YES;
				CLANG_WARN_INT_CONVERSION = YES;
				CLANG_WARN_OBJC_ROOT_CLASS = YES_ERROR;
				CLANG_WARN_UNREACHABLE_CODE = YES;
				CLANG_WARN__DUPLICATE_METHOD_MATCH = YES;
				"CODE_SIGN_IDENTITY[sdk=iphoneos*]" = "iPhone Developer";
				COPY_PHASE_STRIP = NO;
				DEBUG_INFORMATION_FORMAT = "dwarf-with-dsym";
				ENABLE_NS_ASSERTIONS = NO;
				ENABLE_STRICT_OBJC_MSGSEND = YES;
				GCC_C_LANGUAGE_STANDARD = gnu99;
				GCC_NO_COMMON_BLOCKS = YES;
				GCC_WARN_64_TO_32_BIT_CONVERSION = YES;
				GCC_WARN_ABOUT_RETURN_TYPE = YES_ERROR;
				GCC_WARN_UNDECLARED_SELECTOR = YES;
				GCC_WARN_UNINITIALIZED_AUTOS = YES_AGGRESSIVE;
				GCC_WARN_UNUSED_FUNCTION = YES;
				GCC_WARN_UNUSED_VARIABLE = YES;
				IPHONEOS_DEPLOYMENT_TARGET = 9.1;
				MTL_ENABLE_DEBUG_INFO = NO;
				SDKROOT = iphoneos;
				VALIDATE_PRODUCT = YES;
			};
			name = Release;
		};
		5577744C1C94037D00AA37D5 /* Debug */ = {
			isa = XCBuildConfiguration;
			baseConfigurationReference = 2ACBE893D41F859ADA9A8740 /* Pods.debug.xcconfig */;
			buildSettings = {
				ASSETCATALOG_COMPILER_APPICON_NAME = AppIcon;
				ASSETCATALOG_COMPILER_LAUNCHIMAGE_NAME = "Brand Assets";
				CODE_SIGN_IDENTITY = "iPhone Developer";
				"CODE_SIGN_IDENTITY[sdk=iphoneos*]" = "iPhone Developer";
				GCC_PRECOMPILE_PREFIX_HEADER = YES;
				GCC_PREFIX_HEADER = BuDeJie/Classes/Other/BuDeJie.pch;
				INFOPLIST_FILE = BuDeJie/Info.plist;
				IPHONEOS_DEPLOYMENT_TARGET = 9.0;
				LD_RUNPATH_SEARCH_PATHS = "$(inherited) @executable_path/Frameworks";
				PRODUCT_BUNDLE_IDENTIFIER = com.520hmx.youmo;
				PRODUCT_NAME = "$(TARGET_NAME)";
				PROVISIONING_PROFILE = "";
			};
			name = Debug;
		};
		5577744D1C94037D00AA37D5 /* Release */ = {
			isa = XCBuildConfiguration;
			baseConfigurationReference = 90C153BEF161D24B7D53C3D3 /* Pods.release.xcconfig */;
			buildSettings = {
				ASSETCATALOG_COMPILER_APPICON_NAME = AppIcon;
				ASSETCATALOG_COMPILER_LAUNCHIMAGE_NAME = "Brand Assets";
				CODE_SIGN_IDENTITY = "iPhone Developer";
				"CODE_SIGN_IDENTITY[sdk=iphoneos*]" = "iPhone Developer";
				GCC_PRECOMPILE_PREFIX_HEADER = YES;
				GCC_PREFIX_HEADER = BuDeJie/Classes/Other/BuDeJie.pch;
				INFOPLIST_FILE = BuDeJie/Info.plist;
				IPHONEOS_DEPLOYMENT_TARGET = 9.0;
				LD_RUNPATH_SEARCH_PATHS = "$(inherited) @executable_path/Frameworks";
				PRODUCT_BUNDLE_IDENTIFIER = com.520hmx.youmo;
				PRODUCT_NAME = "$(TARGET_NAME)";
				PROVISIONING_PROFILE = "";
			};
			name = Release;
		};
/* End XCBuildConfiguration section */

/* Begin XCConfigurationList section */
		5577742F1C94037D00AA37D5 /* Build configuration list for PBXProject "BuDeJie" */ = {
			isa = XCConfigurationList;
			buildConfigurations = (
				557774491C94037D00AA37D5 /* Debug */,
				5577744A1C94037D00AA37D5 /* Release */,
			);
			defaultConfigurationIsVisible = 0;
			defaultConfigurationName = Release;
		};
		5577744B1C94037D00AA37D5 /* Build configuration list for PBXNativeTarget "BuDeJie" */ = {
			isa = XCConfigurationList;
			buildConfigurations = (
				5577744C1C94037D00AA37D5 /* Debug */,
				5577744D1C94037D00AA37D5 /* Release */,
			);
			defaultConfigurationIsVisible = 0;
			defaultConfigurationName = Release;
		};
/* End XCConfigurationList section */
	};
	rootObject = 5577742C1C94037D00AA37D5 /* Project object */;
}
