// !$*UTF8*$!
{
	archiveVersion = 1;
	classes = {
	};
	objectVersion = 46;
	objects = {

/* Begin PBXBuildFile section */
		557774441C94037D00AA37D5 /* Assets.xcassets in Resources */ = {isa = PBXBuildFile; fileRef = 557774431C94037D00AA37D5 /* Assets.xcassets */; };
		557774471C94037D00AA37D5 /* LaunchScreen.storyboard in Resources */ = {isa = PBXBuildFile; fileRef = 557774451C94037D00AA37D5 /* LaunchScreen.storyboard */; };
		5577746B1C9449CD00AA37D5 /* AppDelegate.m in Sources */ = {isa = PBXBuildFile; fileRef = 557774651C9449CD00AA37D5 /* AppDelegate.m */; };
		5577746C1C9449CD00AA37D5 /* main.m in Sources */ = {isa = PBXBuildFile; fileRef = 557774661C9449CD00AA37D5 /* main.m */; };
/* End PBXBuildFile section */

/* Begin PBXFileReference section */
		557774341C94037D00AA37D5 /* BuDeJie.app */ = {isa = PBXFileReference; explicitFileType = wrapper.application; includeInIndex = 0; path = BuDeJie.app; sourceTree = BUILT_PRODUCTS_DIR; };
		557774431C94037D00AA37D5 /* Assets.xcassets */ = {isa = PBXFileReference; lastKnownFileType = folder.assetcatalog; path = Assets.xcassets; sourceTree = "<group>"; };
		557774461C94037D00AA37D5 /* Base */ = {isa = PBXFileReference; lastKnownFileType = file.storyboard; name = Base; path = Base.lproj/LaunchScreen.storyboard; sourceTree = "<group>"; };
		557774481C94037D00AA37D5 /* Info.plist */ = {isa = PBXFileReference; lastKnownFileType = text.plist.xml; path = Info.plist; sourceTree = "<group>"; };
		557774641C9449CD00AA37D5 /* AppDelegate.h */ = {isa = PBXFileReference; fileEncoding = 4; lastKnownFileType = sourcecode.c.h; path = AppDelegate.h; sourceTree = "<group>"; };
		557774651C9449CD00AA37D5 /* AppDelegate.m */ = {isa = PBXFileReference; fileEncoding = 4; lastKnownFileType = sourcecode.c.objc; path = AppDelegate.m; sourceTree = "<group>"; };
		557774661C9449CD00AA37D5 /* main.m */ = {isa = PBXFileReference; fileEncoding = 4; lastKnownFileType = sourcecode.c.objc; path = main.m; sourceTree = "<group>"; };
/* End PBXFileReference section */

/* Begin PBXFrameworksBuildPhase section */
		557774311C94037D00AA37D5 /* Frameworks */ = {
			isa = PBXFrameworksBuildPhase;
			buildActionMask = 2147483647;
			files = (
			);
			runOnlyForDeploymentPostprocessing = 0;
		};
/* End PBXFrameworksBuildPhase section */

/* Begin PBXGroup section */
		5577742B1C94037D00AA37D5 = {
			isa = PBXGroup;
			children = (
				557774361C94037D00AA37D5 /* BuDeJie */,
				557774351C94037D00AA37D5 /* Products */,
			);
			sourceTree = "<group>";
		};
		557774351C94037D00AA37D5 /* Products */ = {
			isa = PBXGroup;
			children = (
				557774341C94037D00AA37D5 /* BuDeJie.app */,
			);
			name = Products;
			sourceTree = "<group>";
		};
		557774361C94037D00AA37D5 /* BuDeJie */ = {
			isa = PBXGroup;
			children = (
				5577744E1C9449CD00AA37D5 /* Classes */,
				557774431C94037D00AA37D5 /* Assets.xcassets */,
				557774451C94037D00AA37D5 /* LaunchScreen.storyboard */,
				557774481C94037D00AA37D5 /* Info.plist */,
				557774371C94037D00AA37D5 /* Supporting Files */,
			);
			path = BuDeJie;
			sourceTree = "<group>";
		};
		557774371C94037D00AA37D5 /* Supporting Files */ = {
			isa = PBXGroup;
			children = (
			);
			name = "Supporting Files";
			sourceTree = "<group>";
		};
		5577744E1C9449CD00AA37D5 /* Classes */ = {
			isa = PBXGroup;
			children = (
				5577744F1C9449CD00AA37D5 /* Essence(精华) */,
				557774531C9449CD00AA37D5 /* FriendTrend(关注) */,
				557774571C9449CD00AA37D5 /* Main */,
				5577745B1C9449CD00AA37D5 /* Me(我) */,
				5577745F1C9449CD00AA37D5 /* New(新帖) */,
				557774631C9449CD00AA37D5 /* Other */,
				557774671C9449CD00AA37D5 /* publish(发布) */,
			);
			path = Classes;
			sourceTree = "<group>";
		};
		5577744F1C9449CD00AA37D5 /* Essence(精华) */ = {
			isa = PBXGroup;
			children = (
				557774501C9449CD00AA37D5 /* Controller */,
				557774511C9449CD00AA37D5 /* Model */,
				557774521C9449CD00AA37D5 /* View */,
			);
			path = "Essence(精华)";
			sourceTree = "<group>";
		};
		557774501C9449CD00AA37D5 /* Controller */ = {
			isa = PBXGroup;
			children = (
			);
			path = Controller;
			sourceTree = "<group>";
		};
		557774511C9449CD00AA37D5 /* Model */ = {
			isa = PBXGroup;
			children = (
			);
			path = Model;
			sourceTree = "<group>";
		};
		557774521C9449CD00AA37D5 /* View */ = {
			isa = PBXGroup;
			children = (
			);
			path = View;
			sourceTree = "<group>";
		};
		557774531C9449CD00AA37D5 /* FriendTrend(关注) */ = {
			isa = PBXGroup;
			children = (
				557774541C9449CD00AA37D5 /* Controller */,
				557774551C9449CD00AA37D5 /* Model */,
				557774561C9449CD00AA37D5 /* View */,
			);
			path = "FriendTrend(关注)";
			sourceTree = "<group>";
		};
		557774541C9449CD00AA37D5 /* Controller */ = {
			isa = PBXGroup;
			children = (
			);
			path = Controller;
			sourceTree = "<group>";
		};
		557774551C9449CD00AA37D5 /* Model */ = {
			isa = PBXGroup;
			children = (
			);
			path = Model;
			sourceTree = "<group>";
		};
		557774561C9449CD00AA37D5 /* View */ = {
			isa = PBXGroup;
			children = (
			);
			path = View;
			sourceTree = "<group>";
		};
		557774571C9449CD00AA37D5 /* Main */ = {
			isa = PBXGroup;
			children = (
				557774581C9449CD00AA37D5 /* Controller */,
				557774591C9449CD00AA37D5 /* Model */,
				5577745A1C9449CD00AA37D5 /* View */,
			);
			path = Main;
			sourceTree = "<group>";
		};
		557774581C9449CD00AA37D5 /* Controller */ = {
			isa = PBXGroup;
			children = (
			);
			path = Controller;
			sourceTree = "<group>";
		};
		557774591C9449CD00AA37D5 /* Model */ = {
			isa = PBXGroup;
			children = (
			);
			path = Model;
			sourceTree = "<group>";
		};
		5577745A1C9449CD00AA37D5 /* View */ = {
			isa = PBXGroup;
			children = (
			);
			path = View;
			sourceTree = "<group>";
		};
		5577745B1C9449CD00AA37D5 /* Me(我) */ = {
			isa = PBXGroup;
			children = (
				5577745C1C9449CD00AA37D5 /* Controller */,
				5577745D1C9449CD00AA37D5 /* Model */,
				5577745E1C9449CD00AA37D5 /* View */,
			);
			path = "Me(我)";
			sourceTree = "<group>";
		};
		5577745C1C9449CD00AA37D5 /* Controller */ = {
			isa = PBXGroup;
			children = (
			);
			path = Controller;
			sourceTree = "<group>";
		};
		5577745D1C9449CD00AA37D5 /* Model */ = {
			isa = PBXGroup;
			children = (
			);
			path = Model;
			sourceTree = "<group>";
		};
		5577745E1C9449CD00AA37D5 /* View */ = {
			isa = PBXGroup;
			children = (
			);
			path = View;
			sourceTree = "<group>";
		};
		5577745F1C9449CD00AA37D5 /* New(新帖) */ = {
			isa = PBXGroup;
			children = (
				557774601C9449CD00AA37D5 /* Controller */,
				557774611C9449CD00AA37D5 /* Model */,
				557774621C9449CD00AA37D5 /* View */,
			);
			path = "New(新帖)";
			sourceTree = "<group>";
		};
		557774601C9449CD00AA37D5 /* Controller */ = {
			isa = PBXGroup;
			children = (
			);
			path = Controller;
			sourceTree = "<group>";
		};
		557774611C9449CD00AA37D5 /* Model */ = {
			isa = PBXGroup;
			children = (
			);
			path = Model;
			sourceTree = "<group>";
		};
		557774621C9449CD00AA37D5 /* View */ = {
			isa = PBXGroup;
			children = (
			);
			path = View;
			sourceTree = "<group>";
		};
		557774631C9449CD00AA37D5 /* Other */ = {
			isa = PBXGroup;
			children = (
				557774641C9449CD00AA37D5 /* AppDelegate.h */,
				557774651C9449CD00AA37D5 /* AppDelegate.m */,
				557774661C9449CD00AA37D5 /* main.m */,
			);
			path = Other;
			sourceTree = "<group>";
		};
		557774671C9449CD00AA37D5 /* publish(发布) */ = {
			isa = PBXGroup;
			children = (
				557774681C9449CD00AA37D5 /* Controller */,
				557774691C9449CD00AA37D5 /* Model */,
				5577746A1C9449CD00AA37D5 /* View */,
			);
			path = "publish(发布)";
			sourceTree = "<group>";
		};
		557774681C9449CD00AA37D5 /* Controller */ = {
			isa = PBXGroup;
			children = (
			);
			path = Controller;
			sourceTree = "<group>";
		};
		557774691C9449CD00AA37D5 /* Model */ = {
			isa = PBXGroup;
			children = (
			);
			path = Model;
			sourceTree = "<group>";
		};
		5577746A1C9449CD00AA37D5 /* View */ = {
			isa = PBXGroup;
			children = (
			);
			path = View;
			sourceTree = "<group>";
		};
/* End PBXGroup section */

/* Begin PBXNativeTarget section */
		557774331C94037D00AA37D5 /* BuDeJie */ = {
			isa = PBXNativeTarget;
			buildConfigurationList = 5577744B1C94037D00AA37D5 /* Build configuration list for PBXNativeTarget "BuDeJie" */;
			buildPhases = (
				557774301C94037D00AA37D5 /* Sources */,
				557774311C94037D00AA37D5 /* Frameworks */,
				557774321C94037D00AA37D5 /* Resources */,
			);
			buildRules = (
			);
			dependencies = (
			);
			name = BuDeJie;
			productName = BuDeJie;
			productReference = 557774341C94037D00AA37D5 /* BuDeJie.app */;
			productType = "com.apple.product-type.application";
		};
/* End PBXNativeTarget section */

/* Begin PBXProject section */
		5577742C1C94037D00AA37D5 /* Project object */ = {
			isa = PBXProject;
			attributes = {
				LastUpgradeCheck = 0710;
				ORGANIZATIONNAME = hemengxiang;
				TargetAttributes = {
					557774331C94037D00AA37D5 = {
						CreatedOnToolsVersion = 7.1;
					};
				};
			};
			buildConfigurationList = 5577742F1C94037D00AA37D5 /* Build configuration list for PBXProject "BuDeJie" */;
			compatibilityVersion = "Xcode 3.2";
			developmentRegion = English;
			hasScannedForEncodings = 0;
			knownRegions = (
				en,
				Base,
			);
			mainGroup = 5577742B1C94037D00AA37D5;
			productRefGroup = 557774351C94037D00AA37D5 /* Products */;
			projectDirPath = "";
			projectRoot = "";
			targets = (
				557774331C94037D00AA37D5 /* BuDeJie */,
			);
		};
/* End PBXProject section */

/* Begin PBXResourcesBuildPhase section */
		557774321C94037D00AA37D5 /* Resources */ = {
			isa = PBXResourcesBuildPhase;
			buildActionMask = 2147483647;
			files = (
				557774471C94037D00AA37D5 /* LaunchScreen.storyboard in Resources */,
				557774441C94037D00AA37D5 /* Assets.xcassets in Resources */,
			);
			runOnlyForDeploymentPostprocessing = 0;
		};
/* End PBXResourcesBuildPhase section */

/* Begin PBXSourcesBuildPhase section */
		557774301C94037D00AA37D5 /* Sources */ = {
			isa = PBXSourcesBuildPhase;
			buildActionMask = 2147483647;
			files = (
				5577746C1C9449CD00AA37D5 /* main.m in Sources */,
				5577746B1C9449CD00AA37D5 /* AppDelegate.m in Sources */,
			);
			runOnlyForDeploymentPostprocessing = 0;
		};
/* End PBXSourcesBuildPhase section */

/* Begin PBXVariantGroup section */
		557774451C94037D00AA37D5 /* LaunchScreen.storyboard */ = {
			isa = PBXVariantGroup;
			children = (
				557774461C94037D00AA37D5 /* Base */,
			);
			name = LaunchScreen.storyboard;
			sourceTree = "<group>";
		};
/* End PBXVariantGroup section */

/* Begin XCBuildConfiguration section */
		557774491C94037D00AA37D5 /* Debug */ = {
			isa = XCBuildConfiguration;
			buildSettings = {
				ALWAYS_SEARCH_USER_PATHS = NO;
				CLANG_CXX_LANGUAGE_STANDARD = "gnu++0x";
				CLANG_CXX_LIBRARY = "libc++";
				CLANG_ENABLE_MODULES = YES;
				CLANG_ENABLE_OBJC_ARC = YES;
				CLANG_WARN_BOOL_CONVERSION = YES;
				CLANG_WARN_CONSTANT_CONVERSION = YES;
				CLANG_WARN_DIRECT_OBJC_ISA_USAGE = YES_ERROR;
				CLANG_WARN_EMPTY_BODY = YES;
				CLANG_WARN_ENUM_CONVERSION = YES;
				CLANG_WARN_INT_CONVERSION = YES;
				CLANG_WARN_OBJC_ROOT_CLASS = YES_ERROR;
				CLANG_WARN_UNREACHABLE_CODE = YES;
				CLANG_WARN__DUPLICATE_METHOD_MATCH = YES;
				"CODE_SIGN_IDENTITY[sdk=iphoneos*]" = "iPhone Developer";
				COPY_PHASE_STRIP = NO;
				DEBUG_INFORMATION_FORMAT = dwarf;
				ENABLE_STRICT_OBJC_MSGSEND = YES;
				ENABLE_TESTABILITY = YES;
				GCC_C_LANGUAGE_STANDARD = gnu99;
				GCC_DYNAMIC_NO_PIC = NO;
				GCC_NO_COMMON_BLOCKS = YES;
				GCC_OPTIMIZATION_LEVEL = 0;
				GCC_PREPROCESSOR_DEFINITIONS = (
					"DEBUG=1",
					"$(inherited)",
				);
				GCC_WARN_64_TO_32_BIT_CONVERSION = YES;
				GCC_WARN_ABOUT_RETURN_TYPE = YES_ERROR;
				GCC_WARN_UNDECLARED_SELECTOR = YES;
				GCC_WARN_UNINITIALIZED_AUTOS = YES_AGGRESSIVE;
				GCC_WARN_UNUSED_FUNCTION = YES;
				GCC_WARN_UNUSED_VARIABLE = YES;
				IPHONEOS_DEPLOYMENT_TARGET = 9.1;
				MTL_ENABLE_DEBUG_INFO = YES;
				ONLY_ACTIVE_ARCH = YES;
				SDKROOT = iphoneos;
			};
			name = Debug;
		};
		5577744A1C94037D00AA37D5 /* Release */ = {
			isa = XCBuildConfiguration;
			buildSettings = {
				ALWAYS_SEARCH_USER_PATHS = NO;
				CLANG_CXX_LANGUAGE_STANDARD = "gnu++0x";
				CLANG_CXX_LIBRARY = "libc++";
				CLANG_ENABLE_MODULES = YES;
				CLANG_ENABLE_OBJC_ARC = YES;
				CLANG_WARN_BOOL_CONVERSION = YES;
				CLANG_WARN_CONSTANT_CONVERSION = YES;
				CLANG_WARN_DIRECT_OBJC_ISA_USAGE = YES_ERROR;
				CLANG_WARN_EMPTY_BODY = YES;
				CLANG_WARN_ENUM_CONVERSION = YES;
				CLANG_WARN_INT_CONVERSION = YES;
				CLANG_WARN_OBJC_ROOT_CLASS = YES_ERROR;
				CLANG_WARN_UNREACHABLE_CODE = YES;
				CLANG_WARN__DUPLICATE_METHOD_MATCH = YES;
				"CODE_SIGN_IDENTITY[sdk=iphoneos*]" = "iPhone Developer";
				COPY_PHASE_STRIP = NO;
				DEBUG_INFORMATION_FORMAT = "dwarf-with-dsym";
				ENABLE_NS_ASSERTIONS = NO;
				ENABLE_STRICT_OBJC_MSGSEND = YES;
				GCC_C_LANGUAGE_STANDARD = gnu99;
				GCC_NO_COMMON_BLOCKS = YES;
				GCC_WARN_64_TO_32_BIT_CONVERSION = YES;
				GCC_WARN_ABOUT_RETURN_TYPE = YES_ERROR;
				GCC_WARN_UNDECLARED_SELECTOR = YES;
				GCC_WARN_UNINITIALIZED_AUTOS = YES_AGGRESSIVE;
				GCC_WARN_UNUSED_FUNCTION = YES;
				GCC_WARN_UNUSED_VARIABLE = YES;
				IPHONEOS_DEPLOYMENT_TARGET = 9.1;
				MTL_ENABLE_DEBUG_INFO = NO;
				SDKROOT = iphoneos;
				VALIDATE_PRODUCT = YES;
			};
			name = Release;
		};
		5577744C1C94037D00AA37D5 /* Debug */ = {
			isa = XCBuildConfiguration;
			buildSettings = {
				ASSETCATALOG_COMPILER_APPICON_NAME = AppIcon;
				INFOPLIST_FILE = BuDeJie/Info.plist;
				LD_RUNPATH_SEARCH_PATHS = "$(inherited) @executable_path/Frameworks";
				PRODUCT_BUNDLE_IDENTIFIER = com.520hmx.BuDeJie;
				PRODUCT_NAME = "$(TARGET_NAME)";
			};
			name = Debug;
		};
		5577744D1C94037D00AA37D5 /* Release */ = {
			isa = XCBuildConfiguration;
			buildSettings = {
				ASSETCATALOG_COMPILER_APPICON_NAME = AppIcon;
				INFOPLIST_FILE = BuDeJie/Info.plist;
				LD_RUNPATH_SEARCH_PATHS = "$(inherited) @executable_path/Frameworks";
				PRODUCT_BUNDLE_IDENTIFIER = com.520hmx.BuDeJie;
				PRODUCT_NAME = "$(TARGET_NAME)";
			};
			name = Release;
		};
/* End XCBuildConfiguration section */

/* Begin XCConfigurationList section */
		5577742F1C94037D00AA37D5 /* Build configuration list for PBXProject "BuDeJie" */ = {
			isa = XCConfigurationList;
			buildConfigurations = (
				557774491C94037D00AA37D5 /* Debug */,
				5577744A1C94037D00AA37D5 /* Release */,
			);
			defaultConfigurationIsVisible = 0;
			defaultConfigurationName = Release;
		};
		5577744B1C94037D00AA37D5 /* Build configuration list for PBXNativeTarget "BuDeJie" */ = {
			isa = XCConfigurationList;
			buildConfigurations = (
				5577744C1C94037D00AA37D5 /* Debug */,
				5577744D1C94037D00AA37D5 /* Release */,
			);
			defaultConfigurationIsVisible = 0;
		};
/* End XCConfigurationList section */
	};
	rootObject = 5577742C1C94037D00AA37D5 /* Project object */;
}
